// !$*UTF8*$!
{
	archiveVersion = 1;
	classes = {
	};
	objectVersion = 46;
	objects = {

/* Begin PBXBuildFile section */
		007292BED6521FA02F1907D3 /* Cocoa.framework */ = {isa = PBXBuildFile; fileRef = A128082A556EBF6237DF2234; };
		014993105B0195ABA4ABA0A0 /* IOKit.framework */ = {isa = PBXBuildFile; fileRef = 8A837C2CA24E36B83D0747D7; };
		015EB3829272967F5BA7FAF4 /* InterfaceManagerUI.cpp */ = {isa = PBXBuildFile; fileRef = 5CA0B57692A6CB7C5E32805E; };
		01B377BE82EB05C4A7AD488E /* OSCCommandArgumentsEditor.cpp */ = {isa = PBXBuildFile; fileRef = CB8B523172DF3CA0B58BCB68; };
		03C3E3DCBC32F6184158CD3D /* CuelistManagerUI.cpp */ = {isa = PBXBuildFile; fileRef = DD7ACC4AB9929D4724C9805A; };
		0661D07BFE02C9C1A53CA91C /* include_juce_core.mm */ = {isa = PBXBuildFile; fileRef = 9E9721FF8A3697A22337A63E; };
		093C399D7D142ECA7ABDFBAE /* DeckViewUI.cpp */ = {isa = PBXBuildFile; fileRef = 819535F4F9D39554884E0184; };
		0C629C12C2B8E6F040E48104 /* MainIncludes.cpp */ = {isa = PBXBuildFile; fileRef = 673F84CF2C710E52F67D39CC; };
		0DBE234857318989E9F3CDDB /* include_juce_gui_basics.mm */ = {isa = PBXBuildFile; fileRef = 47F05F3C712CE4880B06CED2; };
		0EFCDCAC1ECA3FBBCE121DDB /* Icon.icns */ = {isa = PBXBuildFile; fileRef = 05283F160356A04290ECC3E9; };
		118F1C9595CB7C806C6144EC /* include_juce_audio_formats.mm */ = {isa = PBXBuildFile; fileRef = 9ABD79ACDDC09CD38B81CCC0; };
		1588EA7C47F302A11053FF79 /* ShowInfos.cpp */ = {isa = PBXBuildFile; fileRef = 6619BD74FDE8206E3EB0488B; };
		194BB964152A966413884DED /* BinaryData.cpp */ = {isa = PBXBuildFile; fileRef = E75200AF2AF9AD7BAC9361CA; };
		21098AFC5C6FFB3DBD08E33D /* Cuelist.cpp */ = {isa = PBXBuildFile; fileRef = B6893A2FED32B5927393A25D; };
		2115838615F4D13AB4E3937C /* include_juce_audio_devices.mm */ = {isa = PBXBuildFile; fileRef = 482E1C90DCF444FE77D7C0C0; };
		217FEFD942E76D9EA5C7DB85 /* include_juce_organicui4.cpp */ = {isa = PBXBuildFile; fileRef = 0DC76C92C58FE53ABE40F86E; };
		23E34A02F96BCBAD117AB4F6 /* AudioWaveformSlicer.cpp */ = {isa = PBXBuildFile; fileRef = 1143AC45E6B013E360070AC1; };
		247DC681830200ACF52E6018 /* CoreAudio.framework */ = {isa = PBXBuildFile; fileRef = EA5C50AD293768FED1A73B2C; };
		24D3C95909E18C99ABFE56FE /* CueEditor.cpp */ = {isa = PBXBuildFile; fileRef = EE90E134054A7297DB305CCF; };
		2A6030EB7F5E3403E3F3C5B0 /* FadeCue.cpp */ = {isa = PBXBuildFile; fileRef = D5974663D523854A78B2AB75; };
		2FC6B55C2B42B29BC7B15375 /* MixerInterface.cpp */ = {isa = PBXBuildFile; fileRef = 8E87D9D781ED5C81C62AD49C; };
		3080935BD98C84E2160AAE62 /* include_juce_opengl.mm */ = {isa = PBXBuildFile; fileRef = A8963E9FCED7F12CAB4F59C1; };
		31213A1C1DED6F9501F384AB /* AudioInterfaceHardwareEditor.cpp */ = {isa = PBXBuildFile; fileRef = 414B0D5EF87223FB3B79D4E9; };
		31442203BD5BE74BEE7930A4 /* Cue.cpp */ = {isa = PBXBuildFile; fileRef = 407B500238CB39ACE3DD88AB; };
		319F958DD98D3818CD94B530 /* CoreMIDI.framework */ = {isa = PBXBuildFile; fileRef = 3B1BBD59124886C5E5570952; };
		38CBABC7640E1A6C8F09AFD1 /* include_juce_organicui.cpp */ = {isa = PBXBuildFile; fileRef = 2EE2AB4CA7FB36ECCE56EB14; };
		3B41F74C7D58C2EB12F553C5 /* CuelistManager.cpp */ = {isa = PBXBuildFile; fileRef = 988D81FDC52A6D562463FC90; };
		3E3A239D6FFC3BC9AD6679E6 /* CuelistManagerItemUI.cpp */ = {isa = PBXBuildFile; fileRef = B2758E9EE0C00B1977BB5EF8; };
		41255051592C6C59DFFCAE4B /* IOBluetooth.framework */ = {isa = PBXBuildFile; fileRef = D9202BC13D3DD488D0FDB340; };
		426DC5B30615206106211F16 /* CueManager.cpp */ = {isa = PBXBuildFile; fileRef = A96C066781776491CB009430; };
		4516BE0A3C9B1F1969E3228C /* CuelistFactory.cpp */ = {isa = PBXBuildFile; fileRef = BF3F818D8694AD4F63578241; };
		49AA0CDD14B435A2320681EB /* QuartzCore.framework */ = {isa = PBXBuildFile; fileRef = 1AC850E793B1ADE9326E09C9; };
		4B1A2D76C9537464C18BC36E /* Interface.cpp */ = {isa = PBXBuildFile; fileRef = A626C29C79FB02FD8A0E48E6; };
		4DA9667206704870349E5252 /* ColorPresets.cpp */ = {isa = PBXBuildFile; fileRef = 0DE611E76438A1E07302A9B2; };
		4FBD35C98A9275CE3E0948D1 /* CuesTableModel.cpp */ = {isa = PBXBuildFile; fileRef = 5D29EEEDC890B444EDE1F128; };
		50B3C60EF69F3BD21D824148 /* VolumePresets.cpp */ = {isa = PBXBuildFile; fileRef = B25D7482AE764A048436D6FF; };
		5F61A2A1E4033C8B46607165 /* AudioFile.cpp */ = {isa = PBXBuildFile; fileRef = FE0F0C1C97655A010DFC3192; };
		5F6B131D21BC8CF1C1DCFDCE /* include_juce_audio_processors_ara.cpp */ = {isa = PBXBuildFile; fileRef = 3E8021D302E0893A25CD0424; };
		612357B2161438AE1E27750F /* Foundation.framework */ = {isa = PBXBuildFile; fileRef = 3FB864BDFFB993B671E56BA3; };
		64233AA1E17AEB7B0DB6FC25 /* OSCCommandEditor.cpp */ = {isa = PBXBuildFile; fileRef = 2A5D690A2FD887D863019240; };
		65C145D4E86E6C1D190DAC1D /* MainComponentCommands.cpp */ = {isa = PBXBuildFile; fileRef = FFD84ADEEFB2BBC37D57A49C; };
		666791A727A6F0396D3E8035 /* AudioToolbox.framework */ = {isa = PBXBuildFile; fileRef = B3CC4F26027DC17909B68FFD; };
		68BD3DABB082E83CEA2F11C0 /* include_juce_data_structures.mm */ = {isa = PBXBuildFile; fileRef = AA1E1101E558C15DF8ADFF82; };
		6A99F7F7A4D439EE1D6116C3 /* ForceFeedback.framework */ = {isa = PBXBuildFile; fileRef = FF7BF2347C2C1E3FA0CF7662; };
		6B8A77831CD7D5D51BC820BC /* DecksSettings.cpp */ = {isa = PBXBuildFile; fileRef = EED771DB6C174A4466952D4C; };
		6B929413201508D403A56616 /* RecentFilesMenuTemplate.nib */ = {isa = PBXBuildFile; fileRef = 4101280CE89953AFAC649B18; };
		6EB554281B00893B4F31E618 /* include_juce_simpleweb2.cpp */ = {isa = PBXBuildFile; fileRef = 419A5F70ACFE90D534A80590; };
		743092B628936FA3F5B65DB0 /* Security.framework */ = {isa = PBXBuildFile; fileRef = 04D20B58F51A265067CB498B; };
		74598A393883D45DA0097DB1 /* InterfaceManager.cpp */ = {isa = PBXBuildFile; fileRef = 8C9C00FCDC0440121AE32D5F; };
		76B9BC59E7AB01D8A16BD91D /* App */ = {isa = PBXBuildFile; fileRef = 6F82112FAFB37F3E1E1C90DC; };
		7A88F9DF9B679D9435489C31 /* DeckUI.cpp */ = {isa = PBXBuildFile; fileRef = 9220C8F072BBCD2B02556EBD; };
		7C0874028823810C3333CBD1 /* AudioCue.cpp */ = {isa = PBXBuildFile; fileRef = 9F82B53FD5EF5F75381A1EEF; };
		7CE7A9C40CF8CB6CF0DE73E7 /* CuesTableUI.cpp */ = {isa = PBXBuildFile; fileRef = D6248F410A02562AD4AB1B94; };
		815EA702460AE802C7864F9A /* include_juce_audio_basics.mm */ = {isa = PBXBuildFile; fileRef = 30EB42599D8F6002FA80FD9B; };
		81F1D29794489DACE36D9207 /* AudioSettings.cpp */ = {isa = PBXBuildFile; fileRef = 705E449F36FA04AE0A3E8E48; };
		81FE5838DBC11A9078C405D2 /* AudioSlices.cpp */ = {isa = PBXBuildFile; fileRef = 9EEFB9110B3658EDE53F472D; };
		8272C0A8DC4A2709F17B52BF /* SPAssetManager.cpp */ = {isa = PBXBuildFile; fileRef = E48700BF2954893CBBD80843; };
		861C0D0614917BC594AEEB29 /* include_juce_graphics.mm */ = {isa = PBXBuildFile; fileRef = 98B6243B9688467B02657902; };
		8932CFA5EFCF00512D00A816 /* include_juce_audio_utils.mm */ = {isa = PBXBuildFile; fileRef = 728AD40B0B1140BEEEC4B9F8; };
		8A27C79968FD8D0502F18C89 /* OSCInputEditor.cpp */ = {isa = PBXBuildFile; fileRef = 1D30B81A9130B655246E8DDE; };
		92A944B5B37D6CAD15D2C9E6 /* OSCCueMessage.cpp */ = {isa = PBXBuildFile; fileRef = 0D3F0BABF7E52208D6B17BBE; };
		9CD2C04B241754BCD268DD29 /* Brain.cpp */ = {isa = PBXBuildFile; fileRef = F8FEBF6B401CC0DAEEEC981D; };
		9E11EA0DA99F9C0CA4C48CCA /* MainMenuBarComponent.cpp */ = {isa = PBXBuildFile; fileRef = 3E888EF07515C960972FAD3A; };
		9EA6F167B8DB4A1863FCAFED /* ShowProperties.cpp */ = {isa = PBXBuildFile; fileRef = F2CD2EB1FD2A4AC38049CD01; };
		9EF1696DAA441E302818350A /* OpenGL.framework */ = {isa = PBXBuildFile; fileRef = 4DD3DF81F9E8DF48569EB0AC; };
		9FB0327C35E743BA7C12DDA5 /* InterfaceUI.cpp */ = {isa = PBXBuildFile; fileRef = 16EE0D60F5E1FB11FB093F68; };
		A18F5372DD7B6EFEA402E255 /* AudioInterface.cpp */ = {isa = PBXBuildFile; fileRef = B865209CB8626E0893FC5298; };
		A318820ACFC9D50C754B3B0B /* PonyEngine.cpp */ = {isa = PBXBuildFile; fileRef = 916232FA418A97A17BAF9C27; };
		AB0C36DEE16284C59355A71A /* MainComponent.cpp */ = {isa = PBXBuildFile; fileRef = A68CB7238E7B977C00B0A7FE; };
		AB1932D67FACCAFFEFE24DE0 /* PlaylistCue.cpp */ = {isa = PBXBuildFile; fileRef = D5AEA1216A6EB7F3D601AE7B; };
		ADB9C7E73C3CFF61E71F6A8C /* include_juce_osc.cpp */ = {isa = PBXBuildFile; fileRef = 53343D770DBD12577372DAF7; };
		AF57946C7356F912F97833EF /* Clock.cpp */ = {isa = PBXBuildFile; fileRef = 8098638B66F1D014A5DB11C8; };
		B4B843D1ED4D9B12887D05D0 /* OSCCue.cpp */ = {isa = PBXBuildFile; fileRef = 6A1EAAF908613EB930851E85; };
		B55C7114B25E1571EB97DF2D /* include_juce_organicui3.cpp */ = {isa = PBXBuildFile; fileRef = 46054AF999DEAB776F7E46F2; };
		B7EF0A980EAD2E41593B2284 /* ReorderCuesWindow.cpp */ = {isa = PBXBuildFile; fileRef = F04EFE7734738BDB12D4D173; };
		BA6841C9F61F5417E0581C81 /* include_juce_audio_processors_lv2_libs.cpp */ = {isa = PBXBuildFile; fileRef = 2E0F1FCC31314CFB650B86D0; };
		C4F5E5AF2FE4280B000A3C81 /* include_juce_events.mm */ = {isa = PBXBuildFile; fileRef = D98FC71223DDF811D805ADF0; };
		C727F0EDBA227906A00EB01D /* AudioWaveformSlicerEditor.cpp */ = {isa = PBXBuildFile; fileRef = 2619D69AD9F2375D60AB0C5F; };
		CE74F3166954BB2024784337 /* AudioPlayer.cpp */ = {isa = PBXBuildFile; fileRef = 6684AECAA95242E961D9B528; };
		CFF4F88CCE80595A4EB2B38B /* OSCCueMessageEditor.cpp */ = {isa = PBXBuildFile; fileRef = 439E7D11E98A9DF464D4C92C; };
		D3AB51E0D9E6CB37C6660051 /* include_juce_dsp.mm */ = {isa = PBXBuildFile; fileRef = C53BC4064BE7C7553002A5C5; };
		D3E6CFD214BF4A73A5BDE1BE /* MIDIInterface.cpp */ = {isa = PBXBuildFile; fileRef = 026A962DAAD005086CE1C881; };
		D55C0A63B293E3A54668BED1 /* Accelerate.framework */ = {isa = PBXBuildFile; fileRef = 0765A39470BFE2B9D5943FA8; };
		D5B2464F7DDA8FD2AB68F395 /* ShowControl.cpp */ = {isa = PBXBuildFile; fileRef = DAEC88287554659F579D8397; };
		D69B4AC80DA3292EE88F4259 /* include_juce_simpleweb.cpp */ = {isa = PBXBuildFile; fileRef = 4936348895A92A1E35AEDC68; };
		D7DF8DD145E8C94151BC992F /* CoreAudioKit.framework */ = {isa = PBXBuildFile; fileRef = 9AA6A9D5FB2B8B7ECF7309D3; };
		D87DE1413952ECC7E5D0650B /* include_juce_cryptography.mm */ = {isa = PBXBuildFile; fileRef = 6FDA7D2D0096B54A3AB5EE23; };
		DC5675D1DA0EA057467D1E3D /* include_juce_organicui2.cpp */ = {isa = PBXBuildFile; fileRef = 7690DD3917EBF82E47DA7A41; };
		DC7BB0A44A66049560B21772 /* DeckViewHeaderUI.cpp */ = {isa = PBXBuildFile; fileRef = C1684CBAECBD01D4B4876A75; };
		DD7CBFAD9DEF3BE674163F09 /* UserInputManager.cpp */ = {isa = PBXBuildFile; fileRef = 23C7E3FE9B20C43EE4D9CDE1; };
		DD7CDC21EBF914B6349F6396 /* CuelistEditor.cpp */ = {isa = PBXBuildFile; fileRef = 8545E83806209589465DD8A6; };
		DE6708F610007F8D98E60E01 /* AudioOutputEditor.cpp */ = {isa = PBXBuildFile; fileRef = 4E35F8403B373616B15746FF; };
		E4F65AC813AF8AC6E2EA72EA /* AudioOutput.cpp */ = {isa = PBXBuildFile; fileRef = BA828DF6524FC93B0427DA5A; };
		E5648FD99172DCDE0CEE634D /* Metal.framework */ = {isa = PBXBuildFile; fileRef = 45041D47A349EDEF1C22D769; settings = { ATTRIBUTES = (Weak, ); }; };
		EA4B860910C0D53D64958AED /* AboutWindow.cpp */ = {isa = PBXBuildFile; fileRef = A3D8CB28E4C99C7BE7FAFE1A; };
		EB13A437772917E249C5FFF7 /* OSCInterface.cpp */ = {isa = PBXBuildFile; fileRef = 0CCDB06D20559DD8E6C727F1; };
		ED824788D6100CDA3C41CF7B /* MetalKit.framework */ = {isa = PBXBuildFile; fileRef = CF7BF1327A3FD5E809829B64; settings = { ATTRIBUTES = (Weak, ); }; };
		F1C4C47D4CEA82BD97E6175C /* WebKit.framework */ = {isa = PBXBuildFile; fileRef = 4876E738433D8D795D785059; };
		F451F569DD893F61368ABCA8 /* include_juce_gui_extra.mm */ = {isa = PBXBuildFile; fileRef = 361357A8F5E8393883A745B5; };
		F4E3F827B5BDF258F18A398A /* Main.cpp */ = {isa = PBXBuildFile; fileRef = B004E2DA34390BD3D32A6715; };
		F58255CFF283C4B93AB55299 /* include_juce_organicui2b.cpp */ = {isa = PBXBuildFile; fileRef = 39E5C9501C81C55B892913DA; };
		F59197F973068F84A9D6424B /* LookAndFeelTable.cpp */ = {isa = PBXBuildFile; fileRef = E41D2753012C45EBB8892861; };
		F5D2CD63C9FB017956BB24F2 /* DiscRecording.framework */ = {isa = PBXBuildFile; fileRef = B04871581B89785033CF2C90; };
		F89C18C55617B3C6EDFBDC92 /* include_juce_audio_processors.mm */ = {isa = PBXBuildFile; fileRef = 7CF75AF7B9621C0C88F778A9; };
		FF388CF7DFCFFF8D1C739104 /* OSCCommand.cpp */ = {isa = PBXBuildFile; fileRef = CBF8540D8D5D3D2587CDD352; };
/* End PBXBuildFile section */

/* Begin PBXFileReference section */
		026A962DAAD005086CE1C881 /* MIDIInterface.cpp */ /* MIDIInterface.cpp */ = {isa = PBXFileReference; lastKnownFileType = sourcecode.cpp.cpp; name = MIDIInterface.cpp; path = ../../src/Interface/midi/MIDIInterface.cpp; sourceTree = SOURCE_ROOT; };
		04D20B58F51A265067CB498B /* Security.framework */ /* Security.framework */ = {isa = PBXFileReference; lastKnownFileType = wrapper.framework; name = Security.framework; path = System/Library/Frameworks/Security.framework; sourceTree = SDKROOT; };
		05283F160356A04290ECC3E9 /* Icon.icns */ /* Icon.icns */ = {isa = PBXFileReference; lastKnownFileType = file.icns; name = Icon.icns; path = Icon.icns; sourceTree = SOURCE_ROOT; };
		0765A39470BFE2B9D5943FA8 /* Accelerate.framework */ /* Accelerate.framework */ = {isa = PBXFileReference; lastKnownFileType = wrapper.framework; name = Accelerate.framework; path = System/Library/Frameworks/Accelerate.framework; sourceTree = SDKROOT; };
		07DBEE605F4D1B0C8F46B26F /* InterfaceUI.h */ /* InterfaceUI.h */ = {isa = PBXFileReference; lastKnownFileType = sourcecode.c.h; name = InterfaceUI.h; path = ../../src/Interface/ui/InterfaceUI.h; sourceTree = SOURCE_ROOT; };
		08A03183DAD949E7BFC25C1B /* CuelistManager.h */ /* CuelistManager.h */ = {isa = PBXFileReference; lastKnownFileType = sourcecode.c.h; name = CuelistManager.h; path = ../../src/Cuelist/CuelistManager.h; sourceTree = SOURCE_ROOT; };
		0A543EB1E99C64A412D91642 /* juce_audio_utils */ /* juce_audio_utils */ = {isa = PBXFileReference; lastKnownFileType = folder; name = juce_audio_utils; path = ../../modules/juce/modules/juce_audio_utils; sourceTree = SOURCE_ROOT; };
		0A9475759D6B232025E424E3 /* CuelistManagerItemUI.h */ /* CuelistManagerItemUI.h */ = {isa = PBXFileReference; lastKnownFileType = sourcecode.c.h; name = CuelistManagerItemUI.h; path = ../../src/Cuelist/ui/CuelistManagerItemUI.h; sourceTree = SOURCE_ROOT; };
		0ACBFA9A7A0F0306776772F8 /* Brain.h */ /* Brain.h */ = {isa = PBXFileReference; lastKnownFileType = sourcecode.c.h; name = Brain.h; path = ../../src/Brain.h; sourceTree = SOURCE_ROOT; };
		0B8F0C901AEF03A994A2791E /* juce_cryptography */ /* juce_cryptography */ = {isa = PBXFileReference; lastKnownFileType = folder; name = juce_cryptography; path = ../../modules/juce/modules/juce_cryptography; sourceTree = SOURCE_ROOT; };
		0C957E2B305ACCB9E8F306D6 /* juce_audio_formats */ /* juce_audio_formats */ = {isa = PBXFileReference; lastKnownFileType = folder; name = juce_audio_formats; path = ../../modules/juce/modules/juce_audio_formats; sourceTree = SOURCE_ROOT; };
		0CCDB06D20559DD8E6C727F1 /* OSCInterface.cpp */ /* OSCInterface.cpp */ = {isa = PBXFileReference; lastKnownFileType = sourcecode.cpp.cpp; name = OSCInterface.cpp; path = ../../src/Interface/osc/OSCInterface.cpp; sourceTree = SOURCE_ROOT; };
		0D3F0BABF7E52208D6B17BBE /* OSCCueMessage.cpp */ /* OSCCueMessage.cpp */ = {isa = PBXFileReference; lastKnownFileType = sourcecode.cpp.cpp; name = OSCCueMessage.cpp; path = ../../src/Cue/osc/OSCCueMessage.cpp; sourceTree = SOURCE_ROOT; };
		0DC76C92C58FE53ABE40F86E /* include_juce_organicui4.cpp */ /* include_juce_organicui4.cpp */ = {isa = PBXFileReference; lastKnownFileType = sourcecode.cpp.cpp; name = include_juce_organicui4.cpp; path = ../../JuceLibraryCode/include_juce_organicui4.cpp; sourceTree = SOURCE_ROOT; };
		0DE611E76438A1E07302A9B2 /* ColorPresets.cpp */ /* ColorPresets.cpp */ = {isa = PBXFileReference; lastKnownFileType = sourcecode.cpp.cpp; name = ColorPresets.cpp; path = ../../src/ProjectSettings/ColorPresets.cpp; sourceTree = SOURCE_ROOT; };
		1143AC45E6B013E360070AC1 /* AudioWaveformSlicer.cpp */ /* AudioWaveformSlicer.cpp */ = {isa = PBXFileReference; lastKnownFileType = sourcecode.cpp.cpp; name = AudioWaveformSlicer.cpp; path = ../../src/Cue/audio/AudioWaveformSlicer.cpp; sourceTree = SOURCE_ROOT; };
		1293D59FBDA121E97243CAA5 /* DeckViewHeaderUI.h */ /* DeckViewHeaderUI.h */ = {isa = PBXFileReference; lastKnownFileType = sourcecode.c.h; name = DeckViewHeaderUI.h; path = ../../src/Deck/ui/DeckViewHeaderUI.h; sourceTree = SOURCE_ROOT; };
		135EC8CCFEAE4E8F3F781553 /* CueEditor.h */ /* CueEditor.h */ = {isa = PBXFileReference; lastKnownFileType = sourcecode.c.h; name = CueEditor.h; path = ../../src/Cue/ui/CueEditor.h; sourceTree = SOURCE_ROOT; };
		14515318AE14DF4F499C3575 /* OSCCueMessageEditor.h */ /* OSCCueMessageEditor.h */ = {isa = PBXFileReference; lastKnownFileType = sourcecode.c.h; name = OSCCueMessageEditor.h; path = ../../src/Cue/osc/ui/OSCCueMessageEditor.h; sourceTree = SOURCE_ROOT; };
		16EE0D60F5E1FB11FB093F68 /* InterfaceUI.cpp */ /* InterfaceUI.cpp */ = {isa = PBXFileReference; lastKnownFileType = sourcecode.cpp.cpp; name = InterfaceUI.cpp; path = ../../src/Interface/ui/InterfaceUI.cpp; sourceTree = SOURCE_ROOT; };
		1AC850E793B1ADE9326E09C9 /* QuartzCore.framework */ /* QuartzCore.framework */ = {isa = PBXFileReference; lastKnownFileType = wrapper.framework; name = QuartzCore.framework; path = System/Library/Frameworks/QuartzCore.framework; sourceTree = SDKROOT; };
		1D30B81A9130B655246E8DDE /* OSCInputEditor.cpp */ /* OSCInputEditor.cpp */ = {isa = PBXFileReference; lastKnownFileType = sourcecode.cpp.cpp; name = OSCInputEditor.cpp; path = ../../src/Interface/osc/ui/OSCInputEditor.cpp; sourceTree = SOURCE_ROOT; };
		1EC63C9F77D56F55E9F472B8 /* default.ponylayout */ /* default.ponylayout */ = {isa = PBXFileReference; lastKnownFileType = file.ponylayout; name = default.ponylayout; path = ../../resources/default.ponylayout; sourceTree = SOURCE_ROOT; };
		1F261A3CD500DE74A8415EC1 /* SPAssetManager.h */ /* SPAssetManager.h */ = {isa = PBXFileReference; lastKnownFileType = sourcecode.c.h; name = SPAssetManager.h; path = ../../src/ui/SPAssetManager.h; sourceTree = SOURCE_ROOT; };
		202A7E89DDDBD6B89521F2BA /* FadeCue.h */ /* FadeCue.h */ = {isa = PBXFileReference; lastKnownFileType = sourcecode.c.h; name = FadeCue.h; path = ../../src/Cue/fade/FadeCue.h; sourceTree = SOURCE_ROOT; };
		23C7E3FE9B20C43EE4D9CDE1 /* UserInputManager.cpp */ /* UserInputManager.cpp */ = {isa = PBXFileReference; lastKnownFileType = sourcecode.cpp.cpp; name = UserInputManager.cpp; path = ../../src/UserInputManager.cpp; sourceTree = SOURCE_ROOT; };
		2615867AA082C4E7363E13A0 /* AudioInterface.h */ /* AudioInterface.h */ = {isa = PBXFileReference; lastKnownFileType = sourcecode.c.h; name = AudioInterface.h; path = ../../src/Interface/audio/AudioInterface.h; sourceTree = SOURCE_ROOT; };
		2619D69AD9F2375D60AB0C5F /* AudioWaveformSlicerEditor.cpp */ /* AudioWaveformSlicerEditor.cpp */ = {isa = PBXFileReference; lastKnownFileType = sourcecode.cpp.cpp; name = AudioWaveformSlicerEditor.cpp; path = ../../src/Cue/audio/ui/AudioWaveformSlicerEditor.cpp; sourceTree = SOURCE_ROOT; };
		2A5D690A2FD887D863019240 /* OSCCommandEditor.cpp */ /* OSCCommandEditor.cpp */ = {isa = PBXFileReference; lastKnownFileType = sourcecode.cpp.cpp; name = OSCCommandEditor.cpp; path = ../../src/Interface/osc/ui/OSCCommandEditor.cpp; sourceTree = SOURCE_ROOT; };
		2C87AE6A3E840516AC8BF488 /* juce_graphics */ /* juce_graphics */ = {isa = PBXFileReference; lastKnownFileType = folder; name = juce_graphics; path = ../../modules/juce/modules/juce_graphics; sourceTree = SOURCE_ROOT; };
		2D2B4F93C5D28050FFEE10B8 /* MainMenuBarComponent.h */ /* MainMenuBarComponent.h */ = {isa = PBXFileReference; lastKnownFileType = sourcecode.c.h; name = MainMenuBarComponent.h; path = ../../src/MainMenuBarComponent.h; sourceTree = SOURCE_ROOT; };
		2E0F1FCC31314CFB650B86D0 /* include_juce_audio_processors_lv2_libs.cpp */ /* include_juce_audio_processors_lv2_libs.cpp */ = {isa = PBXFileReference; lastKnownFileType = sourcecode.cpp.cpp; name = include_juce_audio_processors_lv2_libs.cpp; path = ../../JuceLibraryCode/include_juce_audio_processors_lv2_libs.cpp; sourceTree = SOURCE_ROOT; };
		2E5C9488917DBA188FE28169 /* loop.png */ /* loop.png */ = {isa = PBXFileReference; lastKnownFileType = image.png; name = loop.png; path = ../../resources/loop.png; sourceTree = SOURCE_ROOT; };
		2EE2AB4CA7FB36ECCE56EB14 /* include_juce_organicui.cpp */ /* include_juce_organicui.cpp */ = {isa = PBXFileReference; lastKnownFileType = sourcecode.cpp.cpp; name = include_juce_organicui.cpp; path = ../../JuceLibraryCode/include_juce_organicui.cpp; sourceTree = SOURCE_ROOT; };
		30EB42599D8F6002FA80FD9B /* include_juce_audio_basics.mm */ /* include_juce_audio_basics.mm */ = {isa = PBXFileReference; lastKnownFileType = sourcecode.cpp.objcpp; name = include_juce_audio_basics.mm; path = ../../JuceLibraryCode/include_juce_audio_basics.mm; sourceTree = SOURCE_ROOT; };
		3212881EC954661397A3FEF5 /* PlaylistCue.h */ /* PlaylistCue.h */ = {isa = PBXFileReference; lastKnownFileType = sourcecode.c.h; name = PlaylistCue.h; path = ../../src/Cue/playlist/PlaylistCue.h; sourceTree = SOURCE_ROOT; };
		32A9C290ED97424306D30C00 /* DecksSettings.h */ /* DecksSettings.h */ = {isa = PBXFileReference; lastKnownFileType = sourcecode.c.h; name = DecksSettings.h; path = ../../src/ProjectSettings/DecksSettings.h; sourceTree = SOURCE_ROOT; };
		3367CDB6B55D04EAA552379B /* juce_events */ /* juce_events */ = {isa = PBXFileReference; lastKnownFileType = folder; name = juce_events; path = ../../modules/juce/modules/juce_events; sourceTree = SOURCE_ROOT; };
		3443CCF22F295503CD4BE73D /* audio_interface.png */ /* audio_interface.png */ = {isa = PBXFileReference; lastKnownFileType = image.png; name = audio_interface.png; path = ../../resources/audio_interface.png; sourceTree = SOURCE_ROOT; };
		361357A8F5E8393883A745B5 /* include_juce_gui_extra.mm */ /* include_juce_gui_extra.mm */ = {isa = PBXFileReference; lastKnownFileType = sourcecode.cpp.objcpp; name = include_juce_gui_extra.mm; path = ../../JuceLibraryCode/include_juce_gui_extra.mm; sourceTree = SOURCE_ROOT; };
		36163ED5AF6DA8797DC10768 /* about.png */ /* about.png */ = {isa = PBXFileReference; lastKnownFileType = image.png; name = about.png; path = ../../resources/about.png; sourceTree = SOURCE_ROOT; };
		36E757BD5881546F0DD03C23 /* AudioSlices.h */ /* AudioSlices.h */ = {isa = PBXFileReference; lastKnownFileType = sourcecode.c.h; name = AudioSlices.h; path = ../../src/Cue/audio/AudioSlices.h; sourceTree = SOURCE_ROOT; };
		39E5C9501C81C55B892913DA /* include_juce_organicui2b.cpp */ /* include_juce_organicui2b.cpp */ = {isa = PBXFileReference; lastKnownFileType = sourcecode.cpp.cpp; name = include_juce_organicui2b.cpp; path = ../../JuceLibraryCode/include_juce_organicui2b.cpp; sourceTree = SOURCE_ROOT; };
		3B1BBD59124886C5E5570952 /* CoreMIDI.framework */ /* CoreMIDI.framework */ = {isa = PBXFileReference; lastKnownFileType = wrapper.framework; name = CoreMIDI.framework; path = System/Library/Frameworks/CoreMIDI.framework; sourceTree = SDKROOT; };
		3BC95215FB0975B46F09DFD8 /* Cue.h */ /* Cue.h */ = {isa = PBXFileReference; lastKnownFileType = sourcecode.c.h; name = Cue.h; path = ../../src/Cue/Cue.h; sourceTree = SOURCE_ROOT; };
		3BEE305195E74C7B665B1BAF /* OSCCommand.h */ /* OSCCommand.h */ = {isa = PBXFileReference; lastKnownFileType = sourcecode.c.h; name = OSCCommand.h; path = ../../src/Interface/osc/OSCCommand.h; sourceTree = SOURCE_ROOT; };
		3C60E6A9E4712371008BB7AE /* OSCCueMessage.h */ /* OSCCueMessage.h */ = {isa = PBXFileReference; lastKnownFileType = sourcecode.c.h; name = OSCCueMessage.h; path = ../../src/Cue/osc/OSCCueMessage.h; sourceTree = SOURCE_ROOT; };
		3E8021D302E0893A25CD0424 /* include_juce_audio_processors_ara.cpp */ /* include_juce_audio_processors_ara.cpp */ = {isa = PBXFileReference; lastKnownFileType = sourcecode.cpp.cpp; name = include_juce_audio_processors_ara.cpp; path = ../../JuceLibraryCode/include_juce_audio_processors_ara.cpp; sourceTree = SOURCE_ROOT; };
		3E888EF07515C960972FAD3A /* MainMenuBarComponent.cpp */ /* MainMenuBarComponent.cpp */ = {isa = PBXFileReference; lastKnownFileType = sourcecode.cpp.cpp; name = MainMenuBarComponent.cpp; path = ../../src/MainMenuBarComponent.cpp; sourceTree = SOURCE_ROOT; };
		3FB864BDFFB993B671E56BA3 /* Foundation.framework */ /* Foundation.framework */ = {isa = PBXFileReference; lastKnownFileType = wrapper.framework; name = Foundation.framework; path = System/Library/Frameworks/Foundation.framework; sourceTree = SDKROOT; };
		40039AE391CC7DE622319FE5 /* CuesTableUI.h */ /* CuesTableUI.h */ = {isa = PBXFileReference; lastKnownFileType = sourcecode.c.h; name = CuesTableUI.h; path = ../../src/Deck/ui/CuesTableUI.h; sourceTree = SOURCE_ROOT; };
		407B500238CB39ACE3DD88AB /* Cue.cpp */ /* Cue.cpp */ = {isa = PBXFileReference; lastKnownFileType = sourcecode.cpp.cpp; name = Cue.cpp; path = ../../src/Cue/Cue.cpp; sourceTree = SOURCE_ROOT; };
		4101280CE89953AFAC649B18 /* RecentFilesMenuTemplate.nib */ /* RecentFilesMenuTemplate.nib */ = {isa = PBXFileReference; lastKnownFileType = file.nib; name = RecentFilesMenuTemplate.nib; path = RecentFilesMenuTemplate.nib; sourceTree = SOURCE_ROOT; };
		414B0D5EF87223FB3B79D4E9 /* AudioInterfaceHardwareEditor.cpp */ /* AudioInterfaceHardwareEditor.cpp */ = {isa = PBXFileReference; lastKnownFileType = sourcecode.cpp.cpp; name = AudioInterfaceHardwareEditor.cpp; path = ../../src/Interface/audio/ui/AudioInterfaceHardwareEditor.cpp; sourceTree = SOURCE_ROOT; };
		419A5F70ACFE90D534A80590 /* include_juce_simpleweb2.cpp */ /* include_juce_simpleweb2.cpp */ = {isa = PBXFileReference; lastKnownFileType = sourcecode.cpp.cpp; name = include_juce_simpleweb2.cpp; path = ../../JuceLibraryCode/include_juce_simpleweb2.cpp; sourceTree = SOURCE_ROOT; };
		42BDAAA899EBD58B4BFA1B61 /* icon.png */ /* icon.png */ = {isa = PBXFileReference; lastKnownFileType = image.png; name = icon.png; path = ../../resources/icon.png; sourceTree = SOURCE_ROOT; };
		4308069152D742F3B6353422 /* juce_organicui */ /* juce_organicui */ = {isa = PBXFileReference; lastKnownFileType = folder; name = juce_organicui; path = ../../modules/juce_organicui; sourceTree = SOURCE_ROOT; };
		434A4392AFE1931527247A49 /* OSCInterface.h */ /* OSCInterface.h */ = {isa = PBXFileReference; lastKnownFileType = sourcecode.c.h; name = OSCInterface.h; path = ../../src/Interface/osc/OSCInterface.h; sourceTree = SOURCE_ROOT; };
		439E7D11E98A9DF464D4C92C /* OSCCueMessageEditor.cpp */ /* OSCCueMessageEditor.cpp */ = {isa = PBXFileReference; lastKnownFileType = sourcecode.cpp.cpp; name = OSCCueMessageEditor.cpp; path = ../../src/Cue/osc/ui/OSCCueMessageEditor.cpp; sourceTree = SOURCE_ROOT; };
		44A4E31BBB09240E9FF7F7E6 /* ShowControl.h */ /* ShowControl.h */ = {isa = PBXFileReference; lastKnownFileType = sourcecode.c.h; name = ShowControl.h; path = ../../src/ui/panels/ShowControl.h; sourceTree = SOURCE_ROOT; };
		45041D47A349EDEF1C22D769 /* Metal.framework */ /* Metal.framework */ = {isa = PBXFileReference; lastKnownFileType = wrapper.framework; name = Metal.framework; path = System/Library/Frameworks/Metal.framework; sourceTree = SDKROOT; };
		46054AF999DEAB776F7E46F2 /* include_juce_organicui3.cpp */ /* include_juce_organicui3.cpp */ = {isa = PBXFileReference; lastKnownFileType = sourcecode.cpp.cpp; name = include_juce_organicui3.cpp; path = ../../JuceLibraryCode/include_juce_organicui3.cpp; sourceTree = SOURCE_ROOT; };
		47F05F3C712CE4880B06CED2 /* include_juce_gui_basics.mm */ /* include_juce_gui_basics.mm */ = {isa = PBXFileReference; lastKnownFileType = sourcecode.cpp.objcpp; name = include_juce_gui_basics.mm; path = ../../JuceLibraryCode/include_juce_gui_basics.mm; sourceTree = SOURCE_ROOT; };
		482E1C90DCF444FE77D7C0C0 /* include_juce_audio_devices.mm */ /* include_juce_audio_devices.mm */ = {isa = PBXFileReference; lastKnownFileType = sourcecode.cpp.objcpp; name = include_juce_audio_devices.mm; path = ../../JuceLibraryCode/include_juce_audio_devices.mm; sourceTree = SOURCE_ROOT; };
		4876E738433D8D795D785059 /* WebKit.framework */ /* WebKit.framework */ = {isa = PBXFileReference; lastKnownFileType = wrapper.framework; name = WebKit.framework; path = System/Library/Frameworks/WebKit.framework; sourceTree = SDKROOT; };
		4936348895A92A1E35AEDC68 /* include_juce_simpleweb.cpp */ /* include_juce_simpleweb.cpp */ = {isa = PBXFileReference; lastKnownFileType = sourcecode.cpp.cpp; name = include_juce_simpleweb.cpp; path = ../../JuceLibraryCode/include_juce_simpleweb.cpp; sourceTree = SOURCE_ROOT; };
		4AF4705DCDCE8CF6A8A02D48 /* OSCCue.h */ /* OSCCue.h */ = {isa = PBXFileReference; lastKnownFileType = sourcecode.c.h; name = OSCCue.h; path = ../../src/Cue/osc/OSCCue.h; sourceTree = SOURCE_ROOT; };
		4DD3DF81F9E8DF48569EB0AC /* OpenGL.framework */ /* OpenGL.framework */ = {isa = PBXFileReference; lastKnownFileType = wrapper.framework; name = OpenGL.framework; path = System/Library/Frameworks/OpenGL.framework; sourceTree = SDKROOT; };
		4E35F8403B373616B15746FF /* AudioOutputEditor.cpp */ /* AudioOutputEditor.cpp */ = {isa = PBXFileReference; lastKnownFileType = sourcecode.cpp.cpp; name = AudioOutputEditor.cpp; path = ../../src/Interface/audio/ui/AudioOutputEditor.cpp; sourceTree = SOURCE_ROOT; };
		4EDAFF04BE5DC10D474870B5 /* Info-App.plist */ /* Info-App.plist */ = {isa = PBXFileReference; lastKnownFileType = text.plist.xml; name = "Info-App.plist"; path = "Info-App.plist"; sourceTree = SOURCE_ROOT; };
		5057C02D3B0E074DE95DC273 /* juce_gui_basics */ /* juce_gui_basics */ = {isa = PBXFileReference; lastKnownFileType = folder; name = juce_gui_basics; path = ../../modules/juce/modules/juce_gui_basics; sourceTree = SOURCE_ROOT; };
		5198BC6E1C6E22C1A7D68A89 /* juce_audio_devices */ /* juce_audio_devices */ = {isa = PBXFileReference; lastKnownFileType = folder; name = juce_audio_devices; path = ../../modules/juce/modules/juce_audio_devices; sourceTree = SOURCE_ROOT; };
		53343D770DBD12577372DAF7 /* include_juce_osc.cpp */ /* include_juce_osc.cpp */ = {isa = PBXFileReference; lastKnownFileType = sourcecode.cpp.cpp; name = include_juce_osc.cpp; path = ../../JuceLibraryCode/include_juce_osc.cpp; sourceTree = SOURCE_ROOT; };
		54A055CF17E07652C896C573 /* network_interface.png */ /* network_interface.png */ = {isa = PBXFileReference; lastKnownFileType = image.png; name = network_interface.png; path = ../../resources/network_interface.png; sourceTree = SOURCE_ROOT; };
		569AD844828AF6D1F68D6A6A /* AudioCue.h */ /* AudioCue.h */ = {isa = PBXFileReference; lastKnownFileType = sourcecode.c.h; name = AudioCue.h; path = ../../src/Cue/audio/AudioCue.h; sourceTree = SOURCE_ROOT; };
		5A4E6C54D2A0DBAE466E6D01 /* CuelistManagerUI.h */ /* CuelistManagerUI.h */ = {isa = PBXFileReference; lastKnownFileType = sourcecode.c.h; name = CuelistManagerUI.h; path = ../../src/Cuelist/ui/CuelistManagerUI.h; sourceTree = SOURCE_ROOT; };
		5CA0B57692A6CB7C5E32805E /* InterfaceManagerUI.cpp */ /* InterfaceManagerUI.cpp */ = {isa = PBXFileReference; lastKnownFileType = sourcecode.cpp.cpp; name = InterfaceManagerUI.cpp; path = ../../src/Interface/ui/InterfaceManagerUI.cpp; sourceTree = SOURCE_ROOT; };
		5D0562904E3C089616860FDA /* InterfaceManager.h */ /* InterfaceManager.h */ = {isa = PBXFileReference; lastKnownFileType = sourcecode.c.h; name = InterfaceManager.h; path = ../../src/Interface/InterfaceManager.h; sourceTree = SOURCE_ROOT; };
		5D29EEEDC890B444EDE1F128 /* CuesTableModel.cpp */ /* CuesTableModel.cpp */ = {isa = PBXFileReference; lastKnownFileType = sourcecode.cpp.cpp; name = CuesTableModel.cpp; path = ../../src/Deck/ui/CuesTableModel.cpp; sourceTree = SOURCE_ROOT; };
		5EBA8DAB8541FA76A5600A2E /* AboutWindow.h */ /* AboutWindow.h */ = {isa = PBXFileReference; lastKnownFileType = sourcecode.c.h; name = AboutWindow.h; path = ../../src/ui/AboutWindow.h; sourceTree = SOURCE_ROOT; };
		642CC9D7F5E1D204D1F6F61F /* ColorPresets.h */ /* ColorPresets.h */ = {isa = PBXFileReference; lastKnownFileType = sourcecode.c.h; name = ColorPresets.h; path = ../../src/ProjectSettings/ColorPresets.h; sourceTree = SOURCE_ROOT; };
		650E7B08E4274E2E2333F1B7 /* obs_interface.png */ /* obs_interface.png */ = {isa = PBXFileReference; lastKnownFileType = image.png; name = obs_interface.png; path = ../../resources/obs_interface.png; sourceTree = SOURCE_ROOT; };
		6619BD74FDE8206E3EB0488B /* ShowInfos.cpp */ /* ShowInfos.cpp */ = {isa = PBXFileReference; lastKnownFileType = sourcecode.cpp.cpp; name = ShowInfos.cpp; path = ../../src/ui/panels/ShowInfos.cpp; sourceTree = SOURCE_ROOT; };
		6684AECAA95242E961D9B528 /* AudioPlayer.cpp */ /* AudioPlayer.cpp */ = {isa = PBXFileReference; lastKnownFileType = sourcecode.cpp.cpp; name = AudioPlayer.cpp; path = ../../src/Audio/AudioPlayer.cpp; sourceTree = SOURCE_ROOT; };
		66893F2B6187E393E5B3D789 /* VolumePresets.h */ /* VolumePresets.h */ = {isa = PBXFileReference; lastKnownFileType = sourcecode.c.h; name = VolumePresets.h; path = ../../src/ProjectSettings/VolumePresets.h; sourceTree = SOURCE_ROOT; };
		673F84CF2C710E52F67D39CC /* MainIncludes.cpp */ /* MainIncludes.cpp */ = {isa = PBXFileReference; lastKnownFileType = sourcecode.cpp.cpp; name = MainIncludes.cpp; path = ../../src/MainIncludes.cpp; sourceTree = SOURCE_ROOT; };
		6A1EAAF908613EB930851E85 /* OSCCue.cpp */ /* OSCCue.cpp */ = {isa = PBXFileReference; lastKnownFileType = sourcecode.cpp.cpp; name = OSCCue.cpp; path = ../../src/Cue/osc/OSCCue.cpp; sourceTree = SOURCE_ROOT; };
		6BE673BCFB76FF8C280E3C55 /* OSCInputEditor.h */ /* OSCInputEditor.h */ = {isa = PBXFileReference; lastKnownFileType = sourcecode.c.h; name = OSCInputEditor.h; path = ../../src/Interface/osc/ui/OSCInputEditor.h; sourceTree = SOURCE_ROOT; };
		6EDE03ED23191495CA89750C /* juce_data_structures */ /* juce_data_structures */ = {isa = PBXFileReference; lastKnownFileType = folder; name = juce_data_structures; path = ../../modules/juce/modules/juce_data_structures; sourceTree = SOURCE_ROOT; };
		6F82112FAFB37F3E1E1C90DC /* App */ = {isa = PBXFileReference; explicitFileType = wrapper.application; includeInIndex = 0; path = SnoringPony.app; sourceTree = BUILT_PRODUCTS_DIR; };
		6FDA7D2D0096B54A3AB5EE23 /* include_juce_cryptography.mm */ /* include_juce_cryptography.mm */ = {isa = PBXFileReference; lastKnownFileType = sourcecode.cpp.objcpp; name = include_juce_cryptography.mm; path = ../../JuceLibraryCode/include_juce_cryptography.mm; sourceTree = SOURCE_ROOT; };
		705E449F36FA04AE0A3E8E48 /* AudioSettings.cpp */ /* AudioSettings.cpp */ = {isa = PBXFileReference; lastKnownFileType = sourcecode.cpp.cpp; name = AudioSettings.cpp; path = ../../src/ProjectSettings/AudioSettings.cpp; sourceTree = SOURCE_ROOT; };
		70F5926D76D323BB42130C7C /* AudioFile.h */ /* AudioFile.h */ = {isa = PBXFileReference; lastKnownFileType = sourcecode.c.h; name = AudioFile.h; path = ../../src/Cue/audio/AudioFile.h; sourceTree = SOURCE_ROOT; };
		716F018CD03F3FD0677DA5C2 /* tray_icon.png */ /* tray_icon.png */ = {isa = PBXFileReference; lastKnownFileType = image.png; name = tray_icon.png; path = ../../resources/tray_icon.png; sourceTree = SOURCE_ROOT; };
		727E1333936FFA2682F9FD02 /* fade_cue.png */ /* fade_cue.png */ = {isa = PBXFileReference; lastKnownFileType = image.png; name = fade_cue.png; path = ../../resources/fade_cue.png; sourceTree = SOURCE_ROOT; };
		728AD40B0B1140BEEEC4B9F8 /* include_juce_audio_utils.mm */ /* include_juce_audio_utils.mm */ = {isa = PBXFileReference; lastKnownFileType = sourcecode.cpp.objcpp; name = include_juce_audio_utils.mm; path = ../../JuceLibraryCode/include_juce_audio_utils.mm; sourceTree = SOURCE_ROOT; };
		7690DD3917EBF82E47DA7A41 /* include_juce_organicui2.cpp */ /* include_juce_organicui2.cpp */ = {isa = PBXFileReference; lastKnownFileType = sourcecode.cpp.cpp; name = include_juce_organicui2.cpp; path = ../../JuceLibraryCode/include_juce_organicui2.cpp; sourceTree = SOURCE_ROOT; };
		7830E13782E5ED36A801F8F3 /* playlist_cue.png */ /* playlist_cue.png */ = {isa = PBXFileReference; lastKnownFileType = image.png; name = playlist_cue.png; path = ../../resources/playlist_cue.png; sourceTree = SOURCE_ROOT; };
		7CF75AF7B9621C0C88F778A9 /* include_juce_audio_processors.mm */ /* include_juce_audio_processors.mm */ = {isa = PBXFileReference; lastKnownFileType = sourcecode.cpp.objcpp; name = include_juce_audio_processors.mm; path = ../../JuceLibraryCode/include_juce_audio_processors.mm; sourceTree = SOURCE_ROOT; };
		7CFFB66F5529DE07F5A2C12B /* noicon.png */ /* noicon.png */ = {isa = PBXFileReference; lastKnownFileType = image.png; name = noicon.png; path = ../../resources/noicon.png; sourceTree = SOURCE_ROOT; };
		7EAE753075563FC5A00678DB /* juce_audio_basics */ /* juce_audio_basics */ = {isa = PBXFileReference; lastKnownFileType = folder; name = juce_audio_basics; path = ../../modules/juce/modules/juce_audio_basics; sourceTree = SOURCE_ROOT; };
		7EFE6A65D7F0E79CFFB2E238 /* CuelistFactory.h */ /* CuelistFactory.h */ = {isa = PBXFileReference; lastKnownFileType = sourcecode.c.h; name = CuelistFactory.h; path = ../../src/Cuelist/CuelistFactory.h; sourceTree = SOURCE_ROOT; };
		8098638B66F1D014A5DB11C8 /* Clock.cpp */ /* Clock.cpp */ = {isa = PBXFileReference; lastKnownFileType = sourcecode.cpp.cpp; name = Clock.cpp; path = ../../src/ui/panels/Clock.cpp; sourceTree = SOURCE_ROOT; };
		80AF8262E61600DFEA64FF67 /* AudioSettings.h */ /* AudioSettings.h */ = {isa = PBXFileReference; lastKnownFileType = sourcecode.c.h; name = AudioSettings.h; path = ../../src/ProjectSettings/AudioSettings.h; sourceTree = SOURCE_ROOT; };
		819535F4F9D39554884E0184 /* DeckViewUI.cpp */ /* DeckViewUI.cpp */ = {isa = PBXFileReference; lastKnownFileType = sourcecode.cpp.cpp; name = DeckViewUI.cpp; path = ../../src/Deck/ui/DeckViewUI.cpp; sourceTree = SOURCE_ROOT; };
		8545E83806209589465DD8A6 /* CuelistEditor.cpp */ /* CuelistEditor.cpp */ = {isa = PBXFileReference; lastKnownFileType = sourcecode.cpp.cpp; name = CuelistEditor.cpp; path = ../../src/Cuelist/ui/CuelistEditor.cpp; sourceTree = SOURCE_ROOT; };
		8663393CEF35A9906F892D98 /* AudioPlayer.h */ /* AudioPlayer.h */ = {isa = PBXFileReference; lastKnownFileType = sourcecode.c.h; name = AudioPlayer.h; path = ../../src/Audio/AudioPlayer.h; sourceTree = SOURCE_ROOT; };
		8A1324C4FF12606707D830DE /* MainIncludes.h */ /* MainIncludes.h */ = {isa = PBXFileReference; lastKnownFileType = sourcecode.c.h; name = MainIncludes.h; path = ../../src/MainIncludes.h; sourceTree = SOURCE_ROOT; };
		8A837C2CA24E36B83D0747D7 /* IOKit.framework */ /* IOKit.framework */ = {isa = PBXFileReference; lastKnownFileType = wrapper.framework; name = IOKit.framework; path = System/Library/Frameworks/IOKit.framework; sourceTree = SDKROOT; };
		8BCE55D98A9A5C03E2F3E385 /* UserInputManager.h */ /* UserInputManager.h */ = {isa = PBXFileReference; lastKnownFileType = sourcecode.c.h; name = UserInputManager.h; path = ../../src/UserInputManager.h; sourceTree = SOURCE_ROOT; };
		8C9C00FCDC0440121AE32D5F /* InterfaceManager.cpp */ /* InterfaceManager.cpp */ = {isa = PBXFileReference; lastKnownFileType = sourcecode.cpp.cpp; name = InterfaceManager.cpp; path = ../../src/Interface/InterfaceManager.cpp; sourceTree = SOURCE_ROOT; };
		8E87D9D781ED5C81C62AD49C /* MixerInterface.cpp */ /* MixerInterface.cpp */ = {isa = PBXFileReference; lastKnownFileType = sourcecode.cpp.cpp; name = MixerInterface.cpp; path = ../../src/Interface/mixer/MixerInterface.cpp; sourceTree = SOURCE_ROOT; };
		8FF6141B959EADC13AC16C41 /* MIDIInterface.h */ /* MIDIInterface.h */ = {isa = PBXFileReference; lastKnownFileType = sourcecode.c.h; name = MIDIInterface.h; path = ../../src/Interface/midi/MIDIInterface.h; sourceTree = SOURCE_ROOT; };
		911648485EC382A4A43ADF8F /* CuesTableModel.h */ /* CuesTableModel.h */ = {isa = PBXFileReference; lastKnownFileType = sourcecode.c.h; name = CuesTableModel.h; path = ../../src/Deck/ui/CuesTableModel.h; sourceTree = SOURCE_ROOT; };
		916232FA418A97A17BAF9C27 /* PonyEngine.cpp */ /* PonyEngine.cpp */ = {isa = PBXFileReference; lastKnownFileType = sourcecode.cpp.cpp; name = PonyEngine.cpp; path = ../../src/PonyEngine.cpp; sourceTree = SOURCE_ROOT; };
		9220C8F072BBCD2B02556EBD /* DeckUI.cpp */ /* DeckUI.cpp */ = {isa = PBXFileReference; lastKnownFileType = sourcecode.cpp.cpp; name = DeckUI.cpp; path = ../../src/Deck/ui/DeckUI.cpp; sourceTree = SOURCE_ROOT; };
		9248B85C06F309D7BE7ED709 /* juce_simpleweb */ /* juce_simpleweb */ = {isa = PBXFileReference; lastKnownFileType = folder; name = juce_simpleweb; path = ../../modules/juce_simpleweb; sourceTree = SOURCE_ROOT; };
		93096F7BED08CDB7C67A108E /* juce_osc */ /* juce_osc */ = {isa = PBXFileReference; lastKnownFileType = folder; name = juce_osc; path = ../../modules/juce/modules/juce_osc; sourceTree = SOURCE_ROOT; };
		988D81FDC52A6D562463FC90 /* CuelistManager.cpp */ /* CuelistManager.cpp */ = {isa = PBXFileReference; lastKnownFileType = sourcecode.cpp.cpp; name = CuelistManager.cpp; path = ../../src/Cuelist/CuelistManager.cpp; sourceTree = SOURCE_ROOT; };
		98B6243B9688467B02657902 /* include_juce_graphics.mm */ /* include_juce_graphics.mm */ = {isa = PBXFileReference; lastKnownFileType = sourcecode.cpp.objcpp; name = include_juce_graphics.mm; path = ../../JuceLibraryCode/include_juce_graphics.mm; sourceTree = SOURCE_ROOT; };
		9AA6A9D5FB2B8B7ECF7309D3 /* CoreAudioKit.framework */ /* CoreAudioKit.framework */ = {isa = PBXFileReference; lastKnownFileType = wrapper.framework; name = CoreAudioKit.framework; path = System/Library/Frameworks/CoreAudioKit.framework; sourceTree = SDKROOT; };
		9ABD79ACDDC09CD38B81CCC0 /* include_juce_audio_formats.mm */ /* include_juce_audio_formats.mm */ = {isa = PBXFileReference; lastKnownFileType = sourcecode.cpp.objcpp; name = include_juce_audio_formats.mm; path = ../../JuceLibraryCode/include_juce_audio_formats.mm; sourceTree = SOURCE_ROOT; };
		9DB483C1F931B0F8D1878224 /* juce_gui_extra */ /* juce_gui_extra */ = {isa = PBXFileReference; lastKnownFileType = folder; name = juce_gui_extra; path = ../../modules/juce/modules/juce_gui_extra; sourceTree = SOURCE_ROOT; };
		9E9721FF8A3697A22337A63E /* include_juce_core.mm */ /* include_juce_core.mm */ = {isa = PBXFileReference; lastKnownFileType = sourcecode.cpp.objcpp; name = include_juce_core.mm; path = ../../JuceLibraryCode/include_juce_core.mm; sourceTree = SOURCE_ROOT; };
		9EA76F8BF77E318FC96D2635 /* audio_cue.png */ /* audio_cue.png */ = {isa = PBXFileReference; lastKnownFileType = image.png; name = audio_cue.png; path = ../../resources/audio_cue.png; sourceTree = SOURCE_ROOT; };
		9EEFB9110B3658EDE53F472D /* AudioSlices.cpp */ /* AudioSlices.cpp */ = {isa = PBXFileReference; lastKnownFileType = sourcecode.cpp.cpp; name = AudioSlices.cpp; path = ../../src/Cue/audio/AudioSlices.cpp; sourceTree = SOURCE_ROOT; };
		9F82B53FD5EF5F75381A1EEF /* AudioCue.cpp */ /* AudioCue.cpp */ = {isa = PBXFileReference; lastKnownFileType = sourcecode.cpp.cpp; name = AudioCue.cpp; path = ../../src/Cue/audio/AudioCue.cpp; sourceTree = SOURCE_ROOT; };
		A128082A556EBF6237DF2234 /* Cocoa.framework */ /* Cocoa.framework */ = {isa = PBXFileReference; lastKnownFileType = wrapper.framework; name = Cocoa.framework; path = System/Library/Frameworks/Cocoa.framework; sourceTree = SDKROOT; };
		A3D8CB28E4C99C7BE7FAFE1A /* AboutWindow.cpp */ /* AboutWindow.cpp */ = {isa = PBXFileReference; lastKnownFileType = sourcecode.cpp.cpp; name = AboutWindow.cpp; path = ../../src/ui/AboutWindow.cpp; sourceTree = SOURCE_ROOT; };
		A626C29C79FB02FD8A0E48E6 /* Interface.cpp */ /* Interface.cpp */ = {isa = PBXFileReference; lastKnownFileType = sourcecode.cpp.cpp; name = Interface.cpp; path = ../../src/Interface/Interface.cpp; sourceTree = SOURCE_ROOT; };
		A68CB7238E7B977C00B0A7FE /* MainComponent.cpp */ /* MainComponent.cpp */ = {isa = PBXFileReference; lastKnownFileType = sourcecode.cpp.cpp; name = MainComponent.cpp; path = ../../src/MainComponent.cpp; sourceTree = SOURCE_ROOT; };
		A8963E9FCED7F12CAB4F59C1 /* include_juce_opengl.mm */ /* include_juce_opengl.mm */ = {isa = PBXFileReference; lastKnownFileType = sourcecode.cpp.objcpp; name = include_juce_opengl.mm; path = ../../JuceLibraryCode/include_juce_opengl.mm; sourceTree = SOURCE_ROOT; };
		A8A490F720F9CCBF1B0A4336 /* ShowInfos.h */ /* ShowInfos.h */ = {isa = PBXFileReference; lastKnownFileType = sourcecode.c.h; name = ShowInfos.h; path = ../../src/ui/panels/ShowInfos.h; sourceTree = SOURCE_ROOT; };
		A936C743BD53197F210038E8 /* JuceHeader.h */ /* JuceHeader.h */ = {isa = PBXFileReference; lastKnownFileType = sourcecode.c.h; name = JuceHeader.h; path = ../../JuceLibraryCode/JuceHeader.h; sourceTree = SOURCE_ROOT; };
		A96C066781776491CB009430 /* CueManager.cpp */ /* CueManager.cpp */ = {isa = PBXFileReference; lastKnownFileType = sourcecode.cpp.cpp; name = CueManager.cpp; path = ../../src/Cue/CueManager.cpp; sourceTree = SOURCE_ROOT; };
		AA1E1101E558C15DF8ADFF82 /* include_juce_data_structures.mm */ /* include_juce_data_structures.mm */ = {isa = PBXFileReference; lastKnownFileType = sourcecode.cpp.objcpp; name = include_juce_data_structures.mm; path = ../../JuceLibraryCode/include_juce_data_structures.mm; sourceTree = SOURCE_ROOT; };
		ABF3138DF334C0294DC10F48 /* CueManager.h */ /* CueManager.h */ = {isa = PBXFileReference; lastKnownFileType = sourcecode.c.h; name = CueManager.h; path = ../../src/Cue/CueManager.h; sourceTree = SOURCE_ROOT; };
		AD13AB931876978F329EB987 /* InterfaceManagerUI.h */ /* InterfaceManagerUI.h */ = {isa = PBXFileReference; lastKnownFileType = sourcecode.c.h; name = InterfaceManagerUI.h; path = ../../src/Interface/ui/InterfaceManagerUI.h; sourceTree = SOURCE_ROOT; };
		AE3EB32CD1D8BB6F6A19DBA2 /* DeckUI.h */ /* DeckUI.h */ = {isa = PBXFileReference; lastKnownFileType = sourcecode.c.h; name = DeckUI.h; path = ../../src/Deck/ui/DeckUI.h; sourceTree = SOURCE_ROOT; };
		AE51C76A9486CBB0539C833C /* OSCCommandEditor.h */ /* OSCCommandEditor.h */ = {isa = PBXFileReference; lastKnownFileType = sourcecode.c.h; name = OSCCommandEditor.h; path = ../../src/Interface/osc/ui/OSCCommandEditor.h; sourceTree = SOURCE_ROOT; };
		B004E2DA34390BD3D32A6715 /* Main.cpp */ /* Main.cpp */ = {isa = PBXFileReference; lastKnownFileType = sourcecode.cpp.cpp; name = Main.cpp; path = ../../src/Main.cpp; sourceTree = SOURCE_ROOT; };
		B04871581B89785033CF2C90 /* DiscRecording.framework */ /* DiscRecording.framework */ = {isa = PBXFileReference; lastKnownFileType = wrapper.framework; name = DiscRecording.framework; path = System/Library/Frameworks/DiscRecording.framework; sourceTree = SDKROOT; };
		B04A000C99E13F15DE168C99 /* juce_audio_processors */ /* juce_audio_processors */ = {isa = PBXFileReference; lastKnownFileType = folder; name = juce_audio_processors; path = ../../modules/juce/modules/juce_audio_processors; sourceTree = SOURCE_ROOT; };
		B0E401B06EE9C07B195EE8C8 /* juce_core */ /* juce_core */ = {isa = PBXFileReference; lastKnownFileType = folder; name = juce_core; path = ../../modules/juce/modules/juce_core; sourceTree = SOURCE_ROOT; };
		B1196EABA308B6C0F4A1C5F0 /* LookAndFeelTable.h */ /* LookAndFeelTable.h */ = {isa = PBXFileReference; lastKnownFileType = sourcecode.c.h; name = LookAndFeelTable.h; path = ../../src/ui/LookAndFeelTable.h; sourceTree = SOURCE_ROOT; };
		B25D7482AE764A048436D6FF /* VolumePresets.cpp */ /* VolumePresets.cpp */ = {isa = PBXFileReference; lastKnownFileType = sourcecode.cpp.cpp; name = VolumePresets.cpp; path = ../../src/ProjectSettings/VolumePresets.cpp; sourceTree = SOURCE_ROOT; };
		B27394054AC282DB6D14CDB6 /* PonyEngine.h */ /* PonyEngine.h */ = {isa = PBXFileReference; lastKnownFileType = sourcecode.c.h; name = PonyEngine.h; path = ../../src/PonyEngine.h; sourceTree = SOURCE_ROOT; };
		B2758E9EE0C00B1977BB5EF8 /* CuelistManagerItemUI.cpp */ /* CuelistManagerItemUI.cpp */ = {isa = PBXFileReference; lastKnownFileType = sourcecode.cpp.cpp; name = CuelistManagerItemUI.cpp; path = ../../src/Cuelist/ui/CuelistManagerItemUI.cpp; sourceTree = SOURCE_ROOT; };
		B3CC4F26027DC17909B68FFD /* AudioToolbox.framework */ /* AudioToolbox.framework */ = {isa = PBXFileReference; lastKnownFileType = wrapper.framework; name = AudioToolbox.framework; path = System/Library/Frameworks/AudioToolbox.framework; sourceTree = SDKROOT; };
		B53324E78ECFF725C9637D9D /* ReorderCuesWindow.h */ /* ReorderCuesWindow.h */ = {isa = PBXFileReference; lastKnownFileType = sourcecode.c.h; name = ReorderCuesWindow.h; path = ../../src/Deck/ui/ReorderCuesWindow.h; sourceTree = SOURCE_ROOT; };
		B6893A2FED32B5927393A25D /* Cuelist.cpp */ /* Cuelist.cpp */ = {isa = PBXFileReference; lastKnownFileType = sourcecode.cpp.cpp; name = Cuelist.cpp; path = ../../src/Cuelist/Cuelist.cpp; sourceTree = SOURCE_ROOT; };
		B6FB6362F85FA479E1DFD823 /* AppConfig.h */ /* AppConfig.h */ = {isa = PBXFileReference; lastKnownFileType = sourcecode.c.h; name = AppConfig.h; path = ../../JuceLibraryCode/AppConfig.h; sourceTree = SOURCE_ROOT; };
		B865209CB8626E0893FC5298 /* AudioInterface.cpp */ /* AudioInterface.cpp */ = {isa = PBXFileReference; lastKnownFileType = sourcecode.cpp.cpp; name = AudioInterface.cpp; path = ../../src/Interface/audio/AudioInterface.cpp; sourceTree = SOURCE_ROOT; };
		BA828DF6524FC93B0427DA5A /* AudioOutput.cpp */ /* AudioOutput.cpp */ = {isa = PBXFileReference; lastKnownFileType = sourcecode.cpp.cpp; name = AudioOutput.cpp; path = ../../src/Interface/audio/AudioOutput.cpp; sourceTree = SOURCE_ROOT; };
		BF3F818D8694AD4F63578241 /* CuelistFactory.cpp */ /* CuelistFactory.cpp */ = {isa = PBXFileReference; lastKnownFileType = sourcecode.cpp.cpp; name = CuelistFactory.cpp; path = ../../src/Cuelist/CuelistFactory.cpp; sourceTree = SOURCE_ROOT; };
		BF891A338540C26A9BF8DF07 /* MainComponent.h */ /* MainComponent.h */ = {isa = PBXFileReference; lastKnownFileType = sourcecode.c.h; name = MainComponent.h; path = ../../src/MainComponent.h; sourceTree = SOURCE_ROOT; };
		C1420CDEEC814DFE7743F24F /* Interface.h */ /* Interface.h */ = {isa = PBXFileReference; lastKnownFileType = sourcecode.c.h; name = Interface.h; path = ../../src/Interface/Interface.h; sourceTree = SOURCE_ROOT; };
		C1684CBAECBD01D4B4876A75 /* DeckViewHeaderUI.cpp */ /* DeckViewHeaderUI.cpp */ = {isa = PBXFileReference; lastKnownFileType = sourcecode.cpp.cpp; name = DeckViewHeaderUI.cpp; path = ../../src/Deck/ui/DeckViewHeaderUI.cpp; sourceTree = SOURCE_ROOT; };
		C2C9A35BFD9B29A4488257D9 /* crash.png */ /* crash.png */ = {isa = PBXFileReference; lastKnownFileType = image.png; name = crash.png; path = ../../resources/crash.png; sourceTree = SOURCE_ROOT; };
		C53BC4064BE7C7553002A5C5 /* include_juce_dsp.mm */ /* include_juce_dsp.mm */ = {isa = PBXFileReference; lastKnownFileType = sourcecode.cpp.objcpp; name = include_juce_dsp.mm; path = ../../JuceLibraryCode/include_juce_dsp.mm; sourceTree = SOURCE_ROOT; };
		C82735B20F54A976085F84F7 /* AudioWaveformSlicer.h */ /* AudioWaveformSlicer.h */ = {isa = PBXFileReference; lastKnownFileType = sourcecode.c.h; name = AudioWaveformSlicer.h; path = ../../src/Cue/audio/AudioWaveformSlicer.h; sourceTree = SOURCE_ROOT; };
		CB8B523172DF3CA0B58BCB68 /* OSCCommandArgumentsEditor.cpp */ /* OSCCommandArgumentsEditor.cpp */ = {isa = PBXFileReference; lastKnownFileType = sourcecode.cpp.cpp; name = OSCCommandArgumentsEditor.cpp; path = ../../src/Interface/osc/ui/OSCCommandArgumentsEditor.cpp; sourceTree = SOURCE_ROOT; };
		CBF8540D8D5D3D2587CDD352 /* OSCCommand.cpp */ /* OSCCommand.cpp */ = {isa = PBXFileReference; lastKnownFileType = sourcecode.cpp.cpp; name = OSCCommand.cpp; path = ../../src/Interface/osc/OSCCommand.cpp; sourceTree = SOURCE_ROOT; };
		CD5266302B1022AC4A75E5E3 /* AudioInterfaceHardwareEditor.h */ /* AudioInterfaceHardwareEditor.h */ = {isa = PBXFileReference; lastKnownFileType = sourcecode.c.h; name = AudioInterfaceHardwareEditor.h; path = ../../src/Interface/audio/ui/AudioInterfaceHardwareEditor.h; sourceTree = SOURCE_ROOT; };
		CDBB7969FAD4FAFF7902EE81 /* mixer_interface.png */ /* mixer_interface.png */ = {isa = PBXFileReference; lastKnownFileType = image.png; name = mixer_interface.png; path = ../../resources/mixer_interface.png; sourceTree = SOURCE_ROOT; };
		CF7BF1327A3FD5E809829B64 /* MetalKit.framework */ /* MetalKit.framework */ = {isa = PBXFileReference; lastKnownFileType = wrapper.framework; name = MetalKit.framework; path = System/Library/Frameworks/MetalKit.framework; sourceTree = SDKROOT; };
		D47AA32AD265731805BF8376 /* Clock.h */ /* Clock.h */ = {isa = PBXFileReference; lastKnownFileType = sourcecode.c.h; name = Clock.h; path = ../../src/ui/panels/Clock.h; sourceTree = SOURCE_ROOT; };
		D5974663D523854A78B2AB75 /* FadeCue.cpp */ /* FadeCue.cpp */ = {isa = PBXFileReference; lastKnownFileType = sourcecode.cpp.cpp; name = FadeCue.cpp; path = ../../src/Cue/fade/FadeCue.cpp; sourceTree = SOURCE_ROOT; };
		D5AEA1216A6EB7F3D601AE7B /* PlaylistCue.cpp */ /* PlaylistCue.cpp */ = {isa = PBXFileReference; lastKnownFileType = sourcecode.cpp.cpp; name = PlaylistCue.cpp; path = ../../src/Cue/playlist/PlaylistCue.cpp; sourceTree = SOURCE_ROOT; };
		D6248F410A02562AD4AB1B94 /* CuesTableUI.cpp */ /* CuesTableUI.cpp */ = {isa = PBXFileReference; lastKnownFileType = sourcecode.cpp.cpp; name = CuesTableUI.cpp; path = ../../src/Deck/ui/CuesTableUI.cpp; sourceTree = SOURCE_ROOT; };
		D9202BC13D3DD488D0FDB340 /* IOBluetooth.framework */ /* IOBluetooth.framework */ = {isa = PBXFileReference; lastKnownFileType = wrapper.framework; name = IOBluetooth.framework; path = System/Library/Frameworks/IOBluetooth.framework; sourceTree = SDKROOT; };
		D98FC71223DDF811D805ADF0 /* include_juce_events.mm */ /* include_juce_events.mm */ = {isa = PBXFileReference; lastKnownFileType = sourcecode.cpp.objcpp; name = include_juce_events.mm; path = ../../JuceLibraryCode/include_juce_events.mm; sourceTree = SOURCE_ROOT; };
		DAEC88287554659F579D8397 /* ShowControl.cpp */ /* ShowControl.cpp */ = {isa = PBXFileReference; lastKnownFileType = sourcecode.cpp.cpp; name = ShowControl.cpp; path = ../../src/ui/panels/ShowControl.cpp; sourceTree = SOURCE_ROOT; };
		DB9FDB7DCE179975A3C8CBAB /* MixerInterface.h */ /* MixerInterface.h */ = {isa = PBXFileReference; lastKnownFileType = sourcecode.c.h; name = MixerInterface.h; path = ../../src/Interface/mixer/MixerInterface.h; sourceTree = SOURCE_ROOT; };
		DC2483C81B0ABDCC67D79CBB /* AudioWaveformSlicerEditor.h */ /* AudioWaveformSlicerEditor.h */ = {isa = PBXFileReference; lastKnownFileType = sourcecode.c.h; name = AudioWaveformSlicerEditor.h; path = ../../src/Cue/audio/ui/AudioWaveformSlicerEditor.h; sourceTree = SOURCE_ROOT; };
		DD5380996B2A5B8559FF2089 /* juce_opengl */ /* juce_opengl */ = {isa = PBXFileReference; lastKnownFileType = folder; name = juce_opengl; path = ../../modules/juce/modules/juce_opengl; sourceTree = SOURCE_ROOT; };
		DD7ACC4AB9929D4724C9805A /* CuelistManagerUI.cpp */ /* CuelistManagerUI.cpp */ = {isa = PBXFileReference; lastKnownFileType = sourcecode.cpp.cpp; name = CuelistManagerUI.cpp; path = ../../src/Cuelist/ui/CuelistManagerUI.cpp; sourceTree = SOURCE_ROOT; };
		DE3BEE5252CD04A26A6220EB /* midi_interface.png */ /* midi_interface.png */ = {isa = PBXFileReference; lastKnownFileType = image.png; name = midi_interface.png; path = ../../resources/midi_interface.png; sourceTree = SOURCE_ROOT; };
		E1D74C2A085FDE009832E6EA /* CuelistEditor.h */ /* CuelistEditor.h */ = {isa = PBXFileReference; lastKnownFileType = sourcecode.c.h; name = CuelistEditor.h; path = ../../src/Cuelist/ui/CuelistEditor.h; sourceTree = SOURCE_ROOT; };
		E207EA8EDA2E4FBC93775A1F /* AudioOutputEditor.h */ /* AudioOutputEditor.h */ = {isa = PBXFileReference; lastKnownFileType = sourcecode.c.h; name = AudioOutputEditor.h; path = ../../src/Interface/audio/ui/AudioOutputEditor.h; sourceTree = SOURCE_ROOT; };
		E3C0EB93E370790B3CC467C9 /* ShowProperties.h */ /* ShowProperties.h */ = {isa = PBXFileReference; lastKnownFileType = sourcecode.c.h; name = ShowProperties.h; path = ../../src/ProjectSettings/ShowProperties.h; sourceTree = SOURCE_ROOT; };
		E41D2753012C45EBB8892861 /* LookAndFeelTable.cpp */ /* LookAndFeelTable.cpp */ = {isa = PBXFileReference; lastKnownFileType = sourcecode.cpp.cpp; name = LookAndFeelTable.cpp; path = ../../src/ui/LookAndFeelTable.cpp; sourceTree = SOURCE_ROOT; };
		E48700BF2954893CBBD80843 /* SPAssetManager.cpp */ /* SPAssetManager.cpp */ = {isa = PBXFileReference; lastKnownFileType = sourcecode.cpp.cpp; name = SPAssetManager.cpp; path = ../../src/ui/SPAssetManager.cpp; sourceTree = SOURCE_ROOT; };
		E605776AE34138B3F8D1BA42 /* Cuelist.h */ /* Cuelist.h */ = {isa = PBXFileReference; lastKnownFileType = sourcecode.c.h; name = Cuelist.h; path = ../../src/Cuelist/Cuelist.h; sourceTree = SOURCE_ROOT; };
		E63446AB4E3D6E2E537B2F61 /* juce_dsp */ /* juce_dsp */ = {isa = PBXFileReference; lastKnownFileType = folder; name = juce_dsp; path = ../../modules/juce/modules/juce_dsp; sourceTree = SOURCE_ROOT; };
		E75200AF2AF9AD7BAC9361CA /* BinaryData.cpp */ /* BinaryData.cpp */ = {isa = PBXFileReference; lastKnownFileType = sourcecode.cpp.cpp; name = BinaryData.cpp; path = ../../JuceLibraryCode/BinaryData.cpp; sourceTree = SOURCE_ROOT; };
		E985F1DD9B505A4CCC652B03 /* OSCCommandArgumentsEditor.h */ /* OSCCommandArgumentsEditor.h */ = {isa = PBXFileReference; lastKnownFileType = sourcecode.c.h; name = OSCCommandArgumentsEditor.h; path = ../../src/Interface/osc/ui/OSCCommandArgumentsEditor.h; sourceTree = SOURCE_ROOT; };
		EA5C50AD293768FED1A73B2C /* CoreAudio.framework */ /* CoreAudio.framework */ = {isa = PBXFileReference; lastKnownFileType = wrapper.framework; name = CoreAudio.framework; path = System/Library/Frameworks/CoreAudio.framework; sourceTree = SDKROOT; };
		EC23AB85A8A9F61A3D341DB0 /* group_cue.png */ /* group_cue.png */ = {isa = PBXFileReference; lastKnownFileType = image.png; name = group_cue.png; path = ../../resources/group_cue.png; sourceTree = SOURCE_ROOT; };
		EE90E134054A7297DB305CCF /* CueEditor.cpp */ /* CueEditor.cpp */ = {isa = PBXFileReference; lastKnownFileType = sourcecode.cpp.cpp; name = CueEditor.cpp; path = ../../src/Cue/ui/CueEditor.cpp; sourceTree = SOURCE_ROOT; };
		EED771DB6C174A4466952D4C /* DecksSettings.cpp */ /* DecksSettings.cpp */ = {isa = PBXFileReference; lastKnownFileType = sourcecode.cpp.cpp; name = DecksSettings.cpp; path = ../../src/ProjectSettings/DecksSettings.cpp; sourceTree = SOURCE_ROOT; };
		F04EFE7734738BDB12D4D173 /* ReorderCuesWindow.cpp */ /* ReorderCuesWindow.cpp */ = {isa = PBXFileReference; lastKnownFileType = sourcecode.cpp.cpp; name = ReorderCuesWindow.cpp; path = ../../src/Deck/ui/ReorderCuesWindow.cpp; sourceTree = SOURCE_ROOT; };
		F2CD2EB1FD2A4AC38049CD01 /* ShowProperties.cpp */ /* ShowProperties.cpp */ = {isa = PBXFileReference; lastKnownFileType = sourcecode.cpp.cpp; name = ShowProperties.cpp; path = ../../src/ProjectSettings/ShowProperties.cpp; sourceTree = SOURCE_ROOT; };
		F5CBF37699EBDE6D7ED0657D /* AudioOutput.h */ /* AudioOutput.h */ = {isa = PBXFileReference; lastKnownFileType = sourcecode.c.h; name = AudioOutput.h; path = ../../src/Interface/audio/AudioOutput.h; sourceTree = SOURCE_ROOT; };
		F7FE0EEC28CEED3E1A1B1A16 /* note_cue.png */ /* note_cue.png */ = {isa = PBXFileReference; lastKnownFileType = image.png; name = note_cue.png; path = ../../resources/note_cue.png; sourceTree = SOURCE_ROOT; };
		F8AD9464F9553C2099CC09BB /* BinaryData.h */ /* BinaryData.h */ = {isa = PBXFileReference; lastKnownFileType = sourcecode.c.h; name = BinaryData.h; path = ../../JuceLibraryCode/BinaryData.h; sourceTree = SOURCE_ROOT; };
		F8FEBF6B401CC0DAEEEC981D /* Brain.cpp */ /* Brain.cpp */ = {isa = PBXFileReference; lastKnownFileType = sourcecode.cpp.cpp; name = Brain.cpp; path = ../../src/Brain.cpp; sourceTree = SOURCE_ROOT; };
		F918535A8C829440D1265235 /* Main.h */ /* Main.h */ = {isa = PBXFileReference; lastKnownFileType = sourcecode.c.h; name = Main.h; path = ../../src/Main.h; sourceTree = SOURCE_ROOT; };
		FE0F0C1C97655A010DFC3192 /* AudioFile.cpp */ /* AudioFile.cpp */ = {isa = PBXFileReference; lastKnownFileType = sourcecode.cpp.cpp; name = AudioFile.cpp; path = ../../src/Cue/audio/AudioFile.cpp; sourceTree = SOURCE_ROOT; };
		FE8317D0D76A2A5999B5E75E /* DeckViewUI.h */ /* DeckViewUI.h */ = {isa = PBXFileReference; lastKnownFileType = sourcecode.c.h; name = DeckViewUI.h; path = ../../src/Deck/ui/DeckViewUI.h; sourceTree = SOURCE_ROOT; };
		FF7BF2347C2C1E3FA0CF7662 /* ForceFeedback.framework */ /* ForceFeedback.framework */ = {isa = PBXFileReference; lastKnownFileType = wrapper.framework; name = ForceFeedback.framework; path = System/Library/Frameworks/ForceFeedback.framework; sourceTree = SDKROOT; };
		FFD84ADEEFB2BBC37D57A49C /* MainComponentCommands.cpp */ /* MainComponentCommands.cpp */ = {isa = PBXFileReference; lastKnownFileType = sourcecode.cpp.cpp; name = MainComponentCommands.cpp; path = ../../src/MainComponentCommands.cpp; sourceTree = SOURCE_ROOT; };
/* End PBXFileReference section */

/* Begin PBXFrameworksBuildPhase section */
		32C91810FAE8236F7576C45C = {
			isa = PBXFrameworksBuildPhase;
			buildActionMask = 2147483647;
			files = (
				D55C0A63B293E3A54668BED1,
				666791A727A6F0396D3E8035,
				007292BED6521FA02F1907D3,
				247DC681830200ACF52E6018,
				D7DF8DD145E8C94151BC992F,
				319F958DD98D3818CD94B530,
				F5D2CD63C9FB017956BB24F2,
				6A99F7F7A4D439EE1D6116C3,
				612357B2161438AE1E27750F,
				41255051592C6C59DFFCAE4B,
				014993105B0195ABA4ABA0A0,
				9EF1696DAA441E302818350A,
				49AA0CDD14B435A2320681EB,
				743092B628936FA3F5B65DB0,
				F1C4C47D4CEA82BD97E6175C,
				E5648FD99172DCDE0CEE634D,
				ED824788D6100CDA3C41CF7B,
			);
			runOnlyForDeploymentPostprocessing = 0;
		};
/* End PBXFrameworksBuildPhase section */

/* Begin PBXGroup section */
		0F5DBE62BFC648CFF68EB520 /* osc */ = {
			isa = PBXGroup;
			children = (
				AAD13B6B0655542FA2D0F131,
				CBF8540D8D5D3D2587CDD352,
				3BEE305195E74C7B665B1BAF,
				0CCDB06D20559DD8E6C727F1,
				434A4392AFE1931527247A49,
			);
			name = osc;
			sourceTree = "<group>";
		};
		10646E2A505DEB2DB08665B8 /* Source */ = {
			isa = PBXGroup;
			children = (
				3EF8E39F23BD03EAD025BFE7,
				91408AFBE428F0475CD36A9F,
				C29946C64DBAF2D18F7EE4B6,
				D7AFE71DD8CD2AEED42ED2F3,
				C9F8DD24028C97EDB7324B69,
				1E8ABB665D575FC3376D61A8,
			);
			name = Source;
			sourceTree = "<group>";
		};
		13C67425EA62605521720485 /* panels */ = {
			isa = PBXGroup;
			children = (
				8098638B66F1D014A5DB11C8,
				D47AA32AD265731805BF8376,
				DAEC88287554659F579D8397,
				44A4E31BBB09240E9FF7F7E6,
				6619BD74FDE8206E3EB0488B,
				A8A490F720F9CCBF1B0A4336,
			);
			name = panels;
			sourceTree = "<group>";
		};
		13D525556052DEEC97EE1ECE /* Interface */ = {
			isa = PBXGroup;
			children = (
				8278A786D1C65B8E28C70F70,
				1D855FEC22B1E02BC261CC4B,
				F663022066341132C6347687,
				0F5DBE62BFC648CFF68EB520,
				BF24801A0EE678A7B59CDDE9,
				A626C29C79FB02FD8A0E48E6,
				C1420CDEEC814DFE7743F24F,
				8C9C00FCDC0440121AE32D5F,
				5D0562904E3C089616860FDA,
			);
			name = Interface;
			sourceTree = "<group>";
		};
		1D855FEC22B1E02BC261CC4B /* midi */ = {
			isa = PBXGroup;
			children = (
				026A962DAAD005086CE1C881,
				8FF6141B959EADC13AC16C41,
			);
			name = midi;
			sourceTree = "<group>";
		};
		1E8ABB665D575FC3376D61A8 /* Products */ = {
			isa = PBXGroup;
			children = (
				6F82112FAFB37F3E1E1C90DC,
			);
			name = Products;
			sourceTree = "<group>";
		};
		2588E66C9BA2174B1A8739CD /* ProjectSettings */ = {
			isa = PBXGroup;
			children = (
				80AF8262E61600DFEA64FF67,
				705E449F36FA04AE0A3E8E48,
				0DE611E76438A1E07302A9B2,
				642CC9D7F5E1D204D1F6F61F,
				EED771DB6C174A4466952D4C,
				32A9C290ED97424306D30C00,
				F2CD2EB1FD2A4AC38049CD01,
				E3C0EB93E370790B3CC467C9,
				B25D7482AE764A048436D6FF,
				66893F2B6187E393E5B3D789,
			);
			name = ProjectSettings;
			sourceTree = "<group>";
		};
		31F86CFB3141E204DD31F236 /* osc */ = {
			isa = PBXGroup;
			children = (
				4D59213D75E5678FA6982760,
				6A1EAAF908613EB930851E85,
				4AF4705DCDCE8CF6A8A02D48,
				0D3F0BABF7E52208D6B17BBE,
				3C60E6A9E4712371008BB7AE,
			);
			name = osc;
			sourceTree = "<group>";
		};
		355971E304EE7A5D3ED59C26 /* Deck */ = {
			isa = PBXGroup;
			children = (
				4CDD8144B7EE1CFDFA12B425,
			);
			name = Deck;
			sourceTree = "<group>";
		};
		3EF8E39F23BD03EAD025BFE7 /* SnoringPony */ = {
			isa = PBXGroup;
			children = (
				D83048997491C6EA091F258C,
				D0EF065AD925C1E48B60592B,
			);
			name = SnoringPony;
			sourceTree = "<group>";
		};
		4CDD8144B7EE1CFDFA12B425 /* ui */ = {
			isa = PBXGroup;
			children = (
				5D29EEEDC890B444EDE1F128,
				911648485EC382A4A43ADF8F,
				D6248F410A02562AD4AB1B94,
				40039AE391CC7DE622319FE5,
				9220C8F072BBCD2B02556EBD,
				AE3EB32CD1D8BB6F6A19DBA2,
				C1684CBAECBD01D4B4876A75,
				1293D59FBDA121E97243CAA5,
				819535F4F9D39554884E0184,
				FE8317D0D76A2A5999B5E75E,
				F04EFE7734738BDB12D4D173,
				B53324E78ECFF725C9637D9D,
			);
			name = ui;
			sourceTree = "<group>";
		};
		4D59213D75E5678FA6982760 /* ui */ = {
			isa = PBXGroup;
			children = (
				439E7D11E98A9DF464D4C92C,
				14515318AE14DF4F499C3575,
			);
			name = ui;
			sourceTree = "<group>";
		};
		523B61206AD0FA664AB028DE /* ui */ = {
			isa = PBXGroup;
			children = (
				EE90E134054A7297DB305CCF,
				135EC8CCFEAE4E8F3F781553,
			);
			name = ui;
			sourceTree = "<group>";
		};
		60E6501445148805F80F51C4 /* ui */ = {
			isa = PBXGroup;
			children = (
				414B0D5EF87223FB3B79D4E9,
				CD5266302B1022AC4A75E5E3,
				4E35F8403B373616B15746FF,
				E207EA8EDA2E4FBC93775A1F,
			);
			name = ui;
			sourceTree = "<group>";
		};
		7C4CF8806AFFC3CB5241A1DF /* fade */ = {
			isa = PBXGroup;
			children = (
				D5974663D523854A78B2AB75,
				202A7E89DDDBD6B89521F2BA,
			);
			name = fade;
			sourceTree = "<group>";
		};
		8278A786D1C65B8E28C70F70 /* audio */ = {
			isa = PBXGroup;
			children = (
				60E6501445148805F80F51C4,
				B865209CB8626E0893FC5298,
				2615867AA082C4E7363E13A0,
				BA828DF6524FC93B0427DA5A,
				F5CBF37699EBDE6D7ED0657D,
			);
			name = audio;
			sourceTree = "<group>";
		};
		8E1EB4ECB06EE1162F5F55F3 /* ui */ = {
			isa = PBXGroup;
			children = (
				2619D69AD9F2375D60AB0C5F,
				DC2483C81B0ABDCC67D79CBB,
			);
			name = ui;
			sourceTree = "<group>";
		};
		91408AFBE428F0475CD36A9F /* JUCE Modules */ = {
			isa = PBXGroup;
			children = (
				7EAE753075563FC5A00678DB,
				5198BC6E1C6E22C1A7D68A89,
				0C957E2B305ACCB9E8F306D6,
				B04A000C99E13F15DE168C99,
				0A543EB1E99C64A412D91642,
				B0E401B06EE9C07B195EE8C8,
				0B8F0C901AEF03A994A2791E,
				6EDE03ED23191495CA89750C,
				E63446AB4E3D6E2E537B2F61,
				3367CDB6B55D04EAA552379B,
				2C87AE6A3E840516AC8BF488,
				5057C02D3B0E074DE95DC273,
				9DB483C1F931B0F8D1878224,
				DD5380996B2A5B8559FF2089,
				4308069152D742F3B6353422,
				93096F7BED08CDB7C67A108E,
				9248B85C06F309D7BE7ED709,
			);
			name = "JUCE Modules";
			sourceTree = "<group>";
		};
		9179A917D8DD1B16AB3D53E4 /* playlist */ = {
			isa = PBXGroup;
			children = (
				D5AEA1216A6EB7F3D601AE7B,
				3212881EC954661397A3FEF5,
			);
			name = playlist;
			sourceTree = "<group>";
		};
		9CCF1A77BAA56B4619CCEA03 /* ui */ = {
			isa = PBXGroup;
			children = (
				13C67425EA62605521720485,
				E41D2753012C45EBB8892861,
				B1196EABA308B6C0F4A1C5F0,
				A3D8CB28E4C99C7BE7FAFE1A,
				5EBA8DAB8541FA76A5600A2E,
				E48700BF2954893CBBD80843,
				1F261A3CD500DE74A8415EC1,
			);
			name = ui;
			sourceTree = "<group>";
		};
		A644DF00B7EE83EB8B8363B5 /* ui */ = {
			isa = PBXGroup;
			children = (
				8545E83806209589465DD8A6,
				E1D74C2A085FDE009832E6EA,
				B2758E9EE0C00B1977BB5EF8,
				0A9475759D6B232025E424E3,
				DD7ACC4AB9929D4724C9805A,
				5A4E6C54D2A0DBAE466E6D01,
			);
			name = ui;
			sourceTree = "<group>";
		};
		AAD13B6B0655542FA2D0F131 /* ui */ = {
			isa = PBXGroup;
			children = (
				CB8B523172DF3CA0B58BCB68,
				E985F1DD9B505A4CCC652B03,
				2A5D690A2FD887D863019240,
				AE51C76A9486CBB0539C833C,
				1D30B81A9130B655246E8DDE,
				6BE673BCFB76FF8C280E3C55,
			);
			name = ui;
			sourceTree = "<group>";
		};
		BF24801A0EE678A7B59CDDE9 /* ui */ = {
			isa = PBXGroup;
			children = (
				5CA0B57692A6CB7C5E32805E,
				AD13AB931876978F329EB987,
				16EE0D60F5E1FB11FB093F68,
				07DBEE605F4D1B0C8F46B26F,
			);
			name = ui;
			sourceTree = "<group>";
		};
		C29946C64DBAF2D18F7EE4B6 /* JUCE Library Code */ = {
			isa = PBXGroup;
			children = (
				B6FB6362F85FA479E1DFD823,
				E75200AF2AF9AD7BAC9361CA,
				F8AD9464F9553C2099CC09BB,
				30EB42599D8F6002FA80FD9B,
				482E1C90DCF444FE77D7C0C0,
				9ABD79ACDDC09CD38B81CCC0,
				7CF75AF7B9621C0C88F778A9,
				3E8021D302E0893A25CD0424,
				2E0F1FCC31314CFB650B86D0,
				728AD40B0B1140BEEEC4B9F8,
				9E9721FF8A3697A22337A63E,
				6FDA7D2D0096B54A3AB5EE23,
				AA1E1101E558C15DF8ADFF82,
				C53BC4064BE7C7553002A5C5,
				D98FC71223DDF811D805ADF0,
				98B6243B9688467B02657902,
				47F05F3C712CE4880B06CED2,
				361357A8F5E8393883A745B5,
				A8963E9FCED7F12CAB4F59C1,
				2EE2AB4CA7FB36ECCE56EB14,
				7690DD3917EBF82E47DA7A41,
				39E5C9501C81C55B892913DA,
				46054AF999DEAB776F7E46F2,
				0DC76C92C58FE53ABE40F86E,
				53343D770DBD12577372DAF7,
				4936348895A92A1E35AEDC68,
				419A5F70ACFE90D534A80590,
				A936C743BD53197F210038E8,
			);
			name = "JUCE Library Code";
			sourceTree = "<group>";
		};
		C9F8DD24028C97EDB7324B69 /* Frameworks */ = {
			isa = PBXGroup;
			children = (
				0765A39470BFE2B9D5943FA8,
				B3CC4F26027DC17909B68FFD,
				A128082A556EBF6237DF2234,
				EA5C50AD293768FED1A73B2C,
				9AA6A9D5FB2B8B7ECF7309D3,
				3B1BBD59124886C5E5570952,
				B04871581B89785033CF2C90,
				FF7BF2347C2C1E3FA0CF7662,
				3FB864BDFFB993B671E56BA3,
				D9202BC13D3DD488D0FDB340,
				8A837C2CA24E36B83D0747D7,
				4DD3DF81F9E8DF48569EB0AC,
				1AC850E793B1ADE9326E09C9,
				04D20B58F51A265067CB498B,
				4876E738433D8D795D785059,
				45041D47A349EDEF1C22D769,
				CF7BF1327A3FD5E809829B64,
			);
			name = Frameworks;
			sourceTree = "<group>";
		};
		D0EF065AD925C1E48B60592B /* Source */ = {
			isa = PBXGroup;
			children = (
				D48034F958F951F56C1FEF02,
				F8EB7CD83E3BA1B85135BA37,
				D2406E6D138B34E1F05F7A6F,
				355971E304EE7A5D3ED59C26,
				13D525556052DEEC97EE1ECE,
				2588E66C9BA2174B1A8739CD,
				9CCF1A77BAA56B4619CCEA03,
				F8FEBF6B401CC0DAEEEC981D,
				0ACBFA9A7A0F0306776772F8,
				B004E2DA34390BD3D32A6715,
				F918535A8C829440D1265235,
				A68CB7238E7B977C00B0A7FE,
				BF891A338540C26A9BF8DF07,
				FFD84ADEEFB2BBC37D57A49C,
				673F84CF2C710E52F67D39CC,
				8A1324C4FF12606707D830DE,
				3E888EF07515C960972FAD3A,
				2D2B4F93C5D28050FFEE10B8,
				916232FA418A97A17BAF9C27,
				B27394054AC282DB6D14CDB6,
				23C7E3FE9B20C43EE4D9CDE1,
				8BCE55D98A9A5C03E2F3E385,
			);
			name = Source;
			sourceTree = "<group>";
		};
		D2406E6D138B34E1F05F7A6F /* Cuelist */ = {
			isa = PBXGroup;
			children = (
				A644DF00B7EE83EB8B8363B5,
				B6893A2FED32B5927393A25D,
				E605776AE34138B3F8D1BA42,
				BF3F818D8694AD4F63578241,
				7EFE6A65D7F0E79CFFB2E238,
				988D81FDC52A6D562463FC90,
				08A03183DAD949E7BFC25C1B,
			);
			name = Cuelist;
			sourceTree = "<group>";
		};
		D48034F958F951F56C1FEF02 /* Audio */ = {
			isa = PBXGroup;
			children = (
				6684AECAA95242E961D9B528,
				8663393CEF35A9906F892D98,
			);
			name = Audio;
			sourceTree = "<group>";
		};
		D7AFE71DD8CD2AEED42ED2F3 /* Resources */ = {
			isa = PBXGroup;
			children = (
				4EDAFF04BE5DC10D474870B5,
				4101280CE89953AFAC649B18,
				05283F160356A04290ECC3E9,
			);
			name = Resources;
			sourceTree = "<group>";
		};
		D83048997491C6EA091F258C /* resources */ = {
			isa = PBXGroup;
			children = (
				36163ED5AF6DA8797DC10768,
				9EA76F8BF77E318FC96D2635,
				3443CCF22F295503CD4BE73D,
				C2C9A35BFD9B29A4488257D9,
				1EC63C9F77D56F55E9F472B8,
				727E1333936FFA2682F9FD02,
				EC23AB85A8A9F61A3D341DB0,
				42BDAAA899EBD58B4BFA1B61,
				2E5C9488917DBA188FE28169,
				DE3BEE5252CD04A26A6220EB,
				CDBB7969FAD4FAFF7902EE81,
				54A055CF17E07652C896C573,
				7CFFB66F5529DE07F5A2C12B,
				F7FE0EEC28CEED3E1A1B1A16,
				650E7B08E4274E2E2333F1B7,
				7830E13782E5ED36A801F8F3,
				716F018CD03F3FD0677DA5C2,
			);
			name = resources;
			sourceTree = "<group>";
		};
		F47E35D3CACD068101C7400F /* audio */ = {
			isa = PBXGroup;
			children = (
				8E1EB4ECB06EE1162F5F55F3,
				9EEFB9110B3658EDE53F472D,
				36E757BD5881546F0DD03C23,
				1143AC45E6B013E360070AC1,
				C82735B20F54A976085F84F7,
				9F82B53FD5EF5F75381A1EEF,
				569AD844828AF6D1F68D6A6A,
				FE0F0C1C97655A010DFC3192,
				70F5926D76D323BB42130C7C,
			);
			name = audio;
			sourceTree = "<group>";
		};
		F663022066341132C6347687 /* mixer */ = {
			isa = PBXGroup;
			children = (
				8E87D9D781ED5C81C62AD49C,
				DB9FDB7DCE179975A3C8CBAB,
			);
			name = mixer;
			sourceTree = "<group>";
		};
		F8EB7CD83E3BA1B85135BA37 /* Cue */ = {
			isa = PBXGroup;
			children = (
				7C4CF8806AFFC3CB5241A1DF,
				31F86CFB3141E204DD31F236,
				9179A917D8DD1B16AB3D53E4,
				F47E35D3CACD068101C7400F,
				523B61206AD0FA664AB028DE,
				407B500238CB39ACE3DD88AB,
				3BC95215FB0975B46F09DFD8,
				A96C066781776491CB009430,
				ABF3138DF334C0294DC10F48,
			);
			name = Cue;
			sourceTree = "<group>";
		};
/* End PBXGroup section */

/* Begin PBXNativeTarget section */
		2B6255A41F4F046E0E17E8E1 /* SnoringPony - App */ = {
			isa = PBXNativeTarget;
			buildConfigurationList = 6FFFDEB05212052607FDFEB6;
			buildPhases = (
				8ED7485E8885E5E76B216CA8,
				C8B09191CA13F4360C45B7E1,
				32C91810FAE8236F7576C45C,
			);
			buildRules = (
			);
			dependencies = (
			);
			name = "SnoringPony - App";
			productName = SnoringPony;
			productReference = 6F82112FAFB37F3E1E1C90DC;
			productType = "com.apple.product-type.application";
		};
/* End PBXNativeTarget section */

/* Begin PBXProject section */
		A150EACD128B3951869DE67B = {
			isa = PBXProject;
			attributes = {
				BuildIndependentTargetsInParallel = YES;
				LastUpgradeCheck = 1340;
				ORGANIZATIONNAME = "boherm";
				TargetAttributes = {
					2B6255A41F4F046E0E17E8E1 = {
						SystemCapabilities = {
							com.apple.ApplicationGroups.iOS = {
								enabled = 0;
							};
							com.apple.HardenedRuntime = {
								enabled = 0;
							};
							com.apple.InAppPurchase = {
								enabled = 0;
							};
							com.apple.InterAppAudio = {
								enabled = 0;
							};
							com.apple.Push = {
								enabled = 0;
							};
							com.apple.Sandbox = {
								enabled = 0;
							};
						};
					};
				};
			};
			buildConfigurationList = B408A58EC98A3C43E9C23400;
			compatibilityVersion = "Xcode 3.2";
			hasScannedForEncodings = 0;
			knownRegions = (
				en,
				Base,
			);
			mainGroup = 10646E2A505DEB2DB08665B8;
			projectDirPath = "";
			projectRoot = "";
			targets = (
				2B6255A41F4F046E0E17E8E1,
			);
		};
/* End PBXProject section */

/* Begin PBXResourcesBuildPhase section */
		8ED7485E8885E5E76B216CA8 = {
			isa = PBXResourcesBuildPhase;
			buildActionMask = 2147483647;
			files = (
				6B929413201508D403A56616,
				0EFCDCAC1ECA3FBBCE121DDB,
			);
			runOnlyForDeploymentPostprocessing = 0;
		};
/* End PBXResourcesBuildPhase section */

/* Begin PBXSourcesBuildPhase section */
		C8B09191CA13F4360C45B7E1 = {
			isa = PBXSourcesBuildPhase;
			buildActionMask = 2147483647;
			files = (
				CE74F3166954BB2024784337,
				2A6030EB7F5E3403E3F3C5B0,
				CFF4F88CCE80595A4EB2B38B,
				B4B843D1ED4D9B12887D05D0,
				92A944B5B37D6CAD15D2C9E6,
				AB1932D67FACCAFFEFE24DE0,
				C727F0EDBA227906A00EB01D,
				81FE5838DBC11A9078C405D2,
				23E34A02F96BCBAD117AB4F6,
				7C0874028823810C3333CBD1,
				5F61A2A1E4033C8B46607165,
				24D3C95909E18C99ABFE56FE,
				31442203BD5BE74BEE7930A4,
				426DC5B30615206106211F16,
				DD7CDC21EBF914B6349F6396,
				3E3A239D6FFC3BC9AD6679E6,
				03C3E3DCBC32F6184158CD3D,
				21098AFC5C6FFB3DBD08E33D,
				4516BE0A3C9B1F1969E3228C,
				3B41F74C7D58C2EB12F553C5,
				4FBD35C98A9275CE3E0948D1,
				7CE7A9C40CF8CB6CF0DE73E7,
				7A88F9DF9B679D9435489C31,
				DC7BB0A44A66049560B21772,
				093C399D7D142ECA7ABDFBAE,
				B7EF0A980EAD2E41593B2284,
				31213A1C1DED6F9501F384AB,
				DE6708F610007F8D98E60E01,
				A18F5372DD7B6EFEA402E255,
				E4F65AC813AF8AC6E2EA72EA,
				D3E6CFD214BF4A73A5BDE1BE,
				2FC6B55C2B42B29BC7B15375,
				01B377BE82EB05C4A7AD488E,
				64233AA1E17AEB7B0DB6FC25,
				8A27C79968FD8D0502F18C89,
				FF388CF7DFCFFF8D1C739104,
				EB13A437772917E249C5FFF7,
				015EB3829272967F5BA7FAF4,
				9FB0327C35E743BA7C12DDA5,
				4B1A2D76C9537464C18BC36E,
				74598A393883D45DA0097DB1,
				81F1D29794489DACE36D9207,
				4DA9667206704870349E5252,
				6B8A77831CD7D5D51BC820BC,
				9EA6F167B8DB4A1863FCAFED,
				50B3C60EF69F3BD21D824148,
				AF57946C7356F912F97833EF,
				D5B2464F7DDA8FD2AB68F395,
				1588EA7C47F302A11053FF79,
				F59197F973068F84A9D6424B,
				EA4B860910C0D53D64958AED,
				8272C0A8DC4A2709F17B52BF,
				9CD2C04B241754BCD268DD29,
				F4E3F827B5BDF258F18A398A,
				AB0C36DEE16284C59355A71A,
				65C145D4E86E6C1D190DAC1D,
				0C629C12C2B8E6F040E48104,
				9E11EA0DA99F9C0CA4C48CCA,
				A318820ACFC9D50C754B3B0B,
				DD7CBFAD9DEF3BE674163F09,
				194BB964152A966413884DED,
				815EA702460AE802C7864F9A,
				2115838615F4D13AB4E3937C,
				118F1C9595CB7C806C6144EC,
				F89C18C55617B3C6EDFBDC92,
				5F6B131D21BC8CF1C1DCFDCE,
				BA6841C9F61F5417E0581C81,
				8932CFA5EFCF00512D00A816,
				0661D07BFE02C9C1A53CA91C,
				D87DE1413952ECC7E5D0650B,
				68BD3DABB082E83CEA2F11C0,
				D3AB51E0D9E6CB37C6660051,
				C4F5E5AF2FE4280B000A3C81,
				861C0D0614917BC594AEEB29,
				0DBE234857318989E9F3CDDB,
				F451F569DD893F61368ABCA8,
				3080935BD98C84E2160AAE62,
				38CBABC7640E1A6C8F09AFD1,
				DC5675D1DA0EA057467D1E3D,
				F58255CFF283C4B93AB55299,
				B55C7114B25E1571EB97DF2D,
				217FEFD942E76D9EA5C7DB85,
				ADB9C7E73C3CFF61E71F6A8C,
				D69B4AC80DA3292EE88F4259,
				6EB554281B00893B4F31E618,
			);
			runOnlyForDeploymentPostprocessing = 0;
		};
/* End PBXSourcesBuildPhase section */

/* Begin XCBuildConfiguration section */
		0A3953E7BE80B7A65510C366 /* ReleaseSilicon */ = {
			isa = XCBuildConfiguration;
			buildSettings = {
				ALWAYS_SEARCH_USER_PATHS = NO;
				CLANG_ENABLE_OBJC_WEAK = YES;
				CLANG_WARN_BLOCK_CAPTURE_AUTORELEASING = YES;
				CLANG_WARN_BOOL_CONVERSION = YES;
				CLANG_WARN_COMMA = YES;
				CLANG_WARN_CONSTANT_CONVERSION = YES;
				CLANG_WARN_DEPRECATED_OBJC_IMPLEMENTATIONS = YES;
				CLANG_WARN_EMPTY_BODY = YES;
				CLANG_WARN_ENUM_CONVERSION = YES;
				CLANG_WARN_INFINITE_RECURSION = YES;
				CLANG_WARN_INT_CONVERSION = YES;
				CLANG_WARN_NON_LITERAL_NULL_CONVERSION = YES;
				CLANG_WARN_OBJC_IMPLICIT_RETAIN_SELF = YES;
				CLANG_WARN_OBJC_LITERAL_CONVERSION = YES;
				CLANG_WARN_RANGE_LOOP_ANALYSIS = YES;
				CLANG_WARN_STRICT_PROTOTYPES = YES;
				CLANG_WARN_SUSPICIOUS_MOVE = YES;
				CLANG_WARN_UNREACHABLE_CODE = YES;
				CLANG_WARN__DUPLICATE_METHOD_MATCH = YES;
				CODE_SIGN_IDENTITY = "";
				DEBUG_INFORMATION_FORMAT = dwarf;
				ENABLE_STRICT_OBJC_MSGSEND = YES;
				ENABLE_TESTABILITY = NO;
				GCC_C_LANGUAGE_STANDARD = c11;
				GCC_INLINES_ARE_PRIVATE_EXTERN = YES;
				GCC_MODEL_TUNING = G5;
				GCC_NO_COMMON_BLOCKS = YES;
				GCC_SYMBOLS_PRIVATE_EXTERN = YES;
				GCC_WARN_64_TO_32_BIT_CONVERSION = YES;
				GCC_WARN_ABOUT_RETURN_TYPE = YES;
				GCC_WARN_CHECK_SWITCH_STATEMENTS = YES;
				GCC_WARN_MISSING_PARENTHESES = YES;
				GCC_WARN_NON_VIRTUAL_DESTRUCTOR = YES;
				GCC_WARN_TYPECHECK_CALLS_TO_PRINTF = YES;
				GCC_WARN_UNDECLARED_SELECTOR = YES;
				GCC_WARN_UNINITIALIZED_AUTOS = YES;
				GCC_WARN_UNUSED_FUNCTION = YES;
				GCC_WARN_UNUSED_VARIABLE = YES;
				OTHER_CODE_SIGN_FLAGS = --timestamp;
				PRODUCT_NAME = "SnoringPony";
				SDKROOT = macosx;
				WARNING_CFLAGS = "-Wreorder";
				ZERO_LINK = NO;
			};
			name = ReleaseSilicon;
		};
		12C0E8E70F8B8B2CB4DC345E /* Release */ = {
			isa = XCBuildConfiguration;
			buildSettings = {
				ALWAYS_SEARCH_USER_PATHS = NO;
				CLANG_ENABLE_OBJC_WEAK = YES;
				CLANG_WARN_BLOCK_CAPTURE_AUTORELEASING = YES;
				CLANG_WARN_BOOL_CONVERSION = YES;
				CLANG_WARN_COMMA = YES;
				CLANG_WARN_CONSTANT_CONVERSION = YES;
				CLANG_WARN_DEPRECATED_OBJC_IMPLEMENTATIONS = YES;
				CLANG_WARN_EMPTY_BODY = YES;
				CLANG_WARN_ENUM_CONVERSION = YES;
				CLANG_WARN_INFINITE_RECURSION = YES;
				CLANG_WARN_INT_CONVERSION = YES;
				CLANG_WARN_NON_LITERAL_NULL_CONVERSION = YES;
				CLANG_WARN_OBJC_IMPLICIT_RETAIN_SELF = YES;
				CLANG_WARN_OBJC_LITERAL_CONVERSION = YES;
				CLANG_WARN_RANGE_LOOP_ANALYSIS = YES;
				CLANG_WARN_STRICT_PROTOTYPES = YES;
				CLANG_WARN_SUSPICIOUS_MOVE = YES;
				CLANG_WARN_UNREACHABLE_CODE = YES;
				CLANG_WARN__DUPLICATE_METHOD_MATCH = YES;
				CODE_SIGN_IDENTITY = "";
				DEBUG_INFORMATION_FORMAT = dwarf;
				ENABLE_STRICT_OBJC_MSGSEND = YES;
				ENABLE_TESTABILITY = NO;
				GCC_C_LANGUAGE_STANDARD = c11;
				GCC_INLINES_ARE_PRIVATE_EXTERN = YES;
				GCC_MODEL_TUNING = G5;
				GCC_NO_COMMON_BLOCKS = YES;
				GCC_SYMBOLS_PRIVATE_EXTERN = YES;
				GCC_WARN_64_TO_32_BIT_CONVERSION = YES;
				GCC_WARN_ABOUT_RETURN_TYPE = YES;
				GCC_WARN_CHECK_SWITCH_STATEMENTS = YES;
				GCC_WARN_MISSING_PARENTHESES = YES;
				GCC_WARN_NON_VIRTUAL_DESTRUCTOR = YES;
				GCC_WARN_TYPECHECK_CALLS_TO_PRINTF = YES;
				GCC_WARN_UNDECLARED_SELECTOR = YES;
				GCC_WARN_UNINITIALIZED_AUTOS = YES;
				GCC_WARN_UNUSED_FUNCTION = YES;
				GCC_WARN_UNUSED_VARIABLE = YES;
				OTHER_CODE_SIGN_FLAGS = --timestamp;
				PRODUCT_NAME = "SnoringPony";
				SDKROOT = macosx;
				WARNING_CFLAGS = "-Wreorder";
				ZERO_LINK = NO;
			};
			name = Release;
		};
		36AC311C1F9D8FD3E60B290B /* ReleaseSilicon */ = {
			isa = XCBuildConfiguration;
			buildSettings = {
				CLANG_CXX_LANGUAGE_STANDARD = "c++17";
				CLANG_CXX_LIBRARY = "libc++";
				CLANG_LINK_OBJC_RUNTIME = NO;
				CODE_SIGN_IDENTITY = "";
				COMBINE_HIDPI_IMAGES = YES;
				CONFIGURATION_BUILD_DIR = "$(SRCROOT)/../../Release";
				DEAD_CODE_STRIPPING = YES;
				EXCLUDED_ARCHS = "i386 arm64e";
				GCC_GENERATE_DEBUGGING_SYMBOLS = NO;
				GCC_OPTIMIZATION_LEVEL = 3;
				GCC_PREPROCESSOR_DEFINITIONS = (
					"_NDEBUG=1",
					"NDEBUG=1",
					"VST_LOGGING=0",
					"JUCE_SUPPORT_CARBON=0",
					"JUCE_COREGRAPHICS_DRAW_ASYNC=1",
					"LINK_PLATFORM_MACOSX=1",
					"JUCER_XCODE_MAC_2F3811D6=1",
					"JUCE_APP_VERSION=1.0.0b2",
					"JUCE_APP_VERSION_HEX=0x10000",
					"JucePlugin_Build_VST=0",
					"JucePlugin_Build_VST3=0",
					"JucePlugin_Build_AU=0",
					"JucePlugin_Build_AUv3=0",
					"JucePlugin_Build_AAX=0",
					"JucePlugin_Build_Standalone=0",
					"JucePlugin_Build_Unity=0",
					"JucePlugin_Build_LV2=0",
				);
				GCC_VERSION = com.apple.compilers.llvm.clang.1_0;
				HEADER_SEARCH_PATHS = (
					"$(SRCROOT)/../../JuceLibraryCode",
					"$(SRCROOT)/../../modules/juce/modules",
					"$(SRCROOT)/../../modules",
					"$(SRCROOT)/../../src",
					"$(SRCROOT)/../../external/asio",
					"$(SRCROOT)/../../external/asiodriver",
					"$(SRCROOT)/../../external/servus/include",
					"$(inherited)",
				);
				INFOPLIST_FILE = Info-App.plist;
				INFOPLIST_PREPROCESS = NO;
				INSTALL_PATH = "$(HOME)/Applications";
				LIBRARY_SEARCH_PATHS = (
					"$(inherited)",
					"\"../../external/servus/lib/silicon/release\"",
					"\"../../modules/juce_simpleweb/libs/MacOSX\"",
					"\"../../modules/juce_simpleweb/libs/MacOSX/${CURRENT_ARCH}\"",
				);
				LLVM_LTO = YES;
				MACOSX_DEPLOYMENT_TARGET = 10.10;
				MTL_HEADER_SEARCH_PATHS = "$(SRCROOT)/../../JuceLibraryCode $(SRCROOT)/../../modules/juce/modules $(SRCROOT)/../../modules $(SRCROOT)/../../src $(SRCROOT)/../../external/asio $(SRCROOT)/../../external/asiodriver $(SRCROOT)/../../external/servus/include";
				OTHER_LDFLAGS = "-lServus -lssl -lcrypto -lz";
				PRODUCT_BUNDLE_IDENTIFIER = boherm.SnoringPony;
				PRODUCT_NAME = "SnoringPony";
				USE_HEADERMAP = NO;
				VALIDATE_WORKSPACE_SKIPPED_SDK_FRAMEWORKS = OpenGL;
				VALID_ARCHS = "arm64 x86_64";
			};
			name = ReleaseSilicon;
		};
		B6F8E0CC852261DFB6B38AE2 /* Release */ = {
			isa = XCBuildConfiguration;
			buildSettings = {
				CLANG_CXX_LANGUAGE_STANDARD = "c++17";
				CLANG_CXX_LIBRARY = "libc++";
				CLANG_LINK_OBJC_RUNTIME = NO;
				CODE_SIGN_IDENTITY = "";
				COMBINE_HIDPI_IMAGES = YES;
				CONFIGURATION_BUILD_DIR = "$(SRCROOT)/../../Release";
				DEAD_CODE_STRIPPING = YES;
				EXCLUDED_ARCHS = "i386 arm64e";
				GCC_GENERATE_DEBUGGING_SYMBOLS = NO;
				GCC_OPTIMIZATION_LEVEL = 3;
				GCC_PREPROCESSOR_DEFINITIONS = (
					"_NDEBUG=1",
					"NDEBUG=1",
					"VST_LOGGING=0",
					"JUCE_SUPPORT_CARBON=0",
					"JUCE_COREGRAPHICS_DRAW_ASYNC=1",
					"LINK_PLATFORM_MACOSX=1",
					"JUCER_XCODE_MAC_2F3811D6=1",
					"JUCE_APP_VERSION=1.0.0b2",
					"JUCE_APP_VERSION_HEX=0x10000",
					"JucePlugin_Build_VST=0",
					"JucePlugin_Build_VST3=0",
					"JucePlugin_Build_AU=0",
					"JucePlugin_Build_AUv3=0",
					"JucePlugin_Build_AAX=0",
					"JucePlugin_Build_Standalone=0",
					"JucePlugin_Build_Unity=0",
					"JucePlugin_Build_LV2=0",
				);
				GCC_VERSION = com.apple.compilers.llvm.clang.1_0;
				HEADER_SEARCH_PATHS = (
					"$(SRCROOT)/../../JuceLibraryCode",
					"$(SRCROOT)/../../modules/juce/modules",
					"$(SRCROOT)/../../modules",
					"$(SRCROOT)/../../src",
					"$(SRCROOT)/../../external/asio",
					"$(SRCROOT)/../../external/asiodriver",
					"$(SRCROOT)/../../external/servus/include",
					"$(inherited)",
				);
				INFOPLIST_FILE = Info-App.plist;
				INFOPLIST_PREPROCESS = NO;
				INSTALL_PATH = "$(HOME)/Applications";
				LIBRARY_SEARCH_PATHS = (
					"$(inherited)",
					"\"../../external/servus/lib/osx/release\"",
					"\"../../modules/juce_simpleweb/libs/MacOSX\"",
					"\"../../modules/juce_simpleweb/libs/MacOSX/${CURRENT_ARCH}\"",
				);
				LLVM_LTO = YES;
				MACOSX_DEPLOYMENT_TARGET = 10.10;
				MTL_HEADER_SEARCH_PATHS = "$(SRCROOT)/../../JuceLibraryCode $(SRCROOT)/../../modules/juce/modules $(SRCROOT)/../../modules $(SRCROOT)/../../src $(SRCROOT)/../../external/asio $(SRCROOT)/../../external/asiodriver $(SRCROOT)/../../external/servus/include";
				OTHER_LDFLAGS = "-lServus -lssl -lcrypto -lz";
				PRODUCT_BUNDLE_IDENTIFIER = boherm.SnoringPony;
				PRODUCT_NAME = "SnoringPony";
				USE_HEADERMAP = NO;
				VALIDATE_WORKSPACE_SKIPPED_SDK_FRAMEWORKS = OpenGL;
				VALID_ARCHS = "arm64 x86_64";
			};
			name = Release;
		};
/* End XCBuildConfiguration section */

/* Begin XCConfigurationList section */
		6FFFDEB05212052607FDFEB6 = {
			isa = XCConfigurationList;
			buildConfigurations = (
				B6F8E0CC852261DFB6B38AE2,
				36AC311C1F9D8FD3E60B290B,
			);
			defaultConfigurationIsVisible = 0;
			defaultConfigurationName = Release;
		};
		B408A58EC98A3C43E9C23400 = {
			isa = XCConfigurationList;
			buildConfigurations = (
				0A3953E7BE80B7A65510C366,
				12C0E8E70F8B8B2CB4DC345E,
			);
			defaultConfigurationIsVisible = 0;
			defaultConfigurationName = Release;
		};
/* End XCConfigurationList section */
	};
	rootObject = A150EACD128B3951869DE67B /* Project object */;
}
